<?xml version="1.0" encoding="utf-8"?>
<Project ToolsVersion="4.0" xmlns="http://schemas.microsoft.com/developer/msbuild/2003">
  <ItemGroup>
    <ClCompile Include="src\ofApp.cpp">
      <Filter>src</Filter>
    </ClCompile>
    <ClCompile Include="src\main.cpp">
      <Filter>src</Filter>
    </ClCompile>
    <ClCompile Include="..\..\..\Libs\openFrameworks\addons\ofxGui\src\ofxBaseGui.cpp">
      <Filter>addons\ofxGui\src</Filter>
    </ClCompile>
    <ClCompile Include="..\..\..\Libs\openFrameworks\addons\ofxGui\src\ofxButton.cpp">
      <Filter>addons\ofxGui\src</Filter>
    </ClCompile>
    <ClCompile Include="..\..\..\Libs\openFrameworks\addons\ofxGui\src\ofxGuiGroup.cpp">
      <Filter>addons\ofxGui\src</Filter>
    </ClCompile>
    <ClCompile Include="..\..\..\Libs\openFrameworks\addons\ofxGui\src\ofxLabel.cpp">
      <Filter>addons\ofxGui\src</Filter>
    </ClCompile>
    <ClCompile Include="..\..\..\Libs\openFrameworks\addons\ofxGui\src\ofxPanel.cpp">
      <Filter>addons\ofxGui\src</Filter>
    </ClCompile>
    <ClCompile Include="..\..\..\Libs\openFrameworks\addons\ofxGui\src\ofxSlider.cpp">
      <Filter>addons\ofxGui\src</Filter>
    </ClCompile>
    <ClCompile Include="..\..\..\Libs\openFrameworks\addons\ofxGui\src\ofxSliderGroup.cpp">
      <Filter>addons\ofxGui\src</Filter>
    </ClCompile>
    <ClCompile Include="..\..\..\Libs\openFrameworks\addons\ofxGui\src\ofxToggle.cpp">
      <Filter>addons\ofxGui\src</Filter>
    </ClCompile>
    <ClCompile Include="..\..\..\Libs\openFrameworks\addons\ofxOsc\src\ofxOscBundle.cpp">
      <Filter>addons\ofxOsc\src</Filter>
    </ClCompile>
    <ClCompile Include="..\..\..\Libs\openFrameworks\addons\ofxOsc\src\ofxOscMessage.cpp">
      <Filter>addons\ofxOsc\src</Filter>
    </ClCompile>
    <ClCompile Include="..\..\..\Libs\openFrameworks\addons\ofxOsc\src\ofxOscParameterSync.cpp">
      <Filter>addons\ofxOsc\src</Filter>
    </ClCompile>
    <ClCompile Include="..\..\..\Libs\openFrameworks\addons\ofxOsc\src\ofxOscReceiver.cpp">
      <Filter>addons\ofxOsc\src</Filter>
    </ClCompile>
    <ClCompile Include="..\..\..\Libs\openFrameworks\addons\ofxOsc\src\ofxOscSender.cpp">
      <Filter>addons\ofxOsc\src</Filter>
    </ClCompile>
    <ClCompile Include="..\..\..\Libs\openFrameworks\addons\ofxOsc\libs\oscpack\src\ip\IpEndpointName.cpp">
      <Filter>addons\ofxOsc\libs\oscpack\src\ip</Filter>
    </ClCompile>
    <ClCompile Include="..\..\..\Libs\openFrameworks\addons\ofxOsc\libs\oscpack\src\ip\win32\NetworkingUtils.cpp">
      <Filter>addons\ofxOsc\libs\oscpack\src\ip\win32</Filter>
    </ClCompile>
    <ClCompile Include="..\..\..\Libs\openFrameworks\addons\ofxOsc\libs\oscpack\src\ip\win32\UdpSocket.cpp">
      <Filter>addons\ofxOsc\libs\oscpack\src\ip\win32</Filter>
    </ClCompile>
    <ClCompile Include="..\..\..\Libs\openFrameworks\addons\ofxOsc\libs\oscpack\src\osc\OscOutboundPacketStream.cpp">
      <Filter>addons\ofxOsc\libs\oscpack\src\osc</Filter>
    </ClCompile>
    <ClCompile Include="..\..\..\Libs\openFrameworks\addons\ofxOsc\libs\oscpack\src\osc\OscPrintReceivedElements.cpp">
      <Filter>addons\ofxOsc\libs\oscpack\src\osc</Filter>
    </ClCompile>
    <ClCompile Include="..\..\..\Libs\openFrameworks\addons\ofxOsc\libs\oscpack\src\osc\OscReceivedElements.cpp">
      <Filter>addons\ofxOsc\libs\oscpack\src\osc</Filter>
    </ClCompile>
    <ClCompile Include="..\..\..\Libs\openFrameworks\addons\ofxOsc\libs\oscpack\src\osc\OscTypes.cpp">
      <Filter>addons\ofxOsc\libs\oscpack\src\osc</Filter>
    </ClCompile>
    <ClCompile Include="..\..\..\Libs\openFrameworks\addons\ofxThreadedImageLoader\src\ofxThreadedImageLoader.cpp">
      <Filter>addons\ofxThreadedImageLoader\src</Filter>
    </ClCompile>
    <ClCompile Include="..\..\..\Libs\openFrameworks\addons\ofxVideoRecorder\src\ofxVideoRecorder.cpp">
      <Filter>addons\ofxVideoRecorder\src</Filter>
    </ClCompile>
    <ClCompile Include="..\..\..\Libs\openFrameworks\addons\ofxOpenCv\src\ofxCvColorImage.cpp">
      <Filter>addons\ofxOpenCv\src</Filter>
    </ClCompile>
    <ClCompile Include="..\..\..\Libs\openFrameworks\addons\ofxOpenCv\src\ofxCvContourFinder.cpp">
      <Filter>addons\ofxOpenCv\src</Filter>
    </ClCompile>
    <ClCompile Include="..\..\..\Libs\openFrameworks\addons\ofxOpenCv\src\ofxCvFloatImage.cpp">
      <Filter>addons\ofxOpenCv\src</Filter>
    </ClCompile>
    <ClCompile Include="..\..\..\Libs\openFrameworks\addons\ofxOpenCv\src\ofxCvGrayscaleImage.cpp">
      <Filter>addons\ofxOpenCv\src</Filter>
    </ClCompile>
    <ClCompile Include="..\..\..\Libs\openFrameworks\addons\ofxOpenCv\src\ofxCvHaarFinder.cpp">
      <Filter>addons\ofxOpenCv\src</Filter>
    </ClCompile>
    <ClCompile Include="..\..\..\Libs\openFrameworks\addons\ofxOpenCv\src\ofxCvImage.cpp">
      <Filter>addons\ofxOpenCv\src</Filter>
    </ClCompile>
    <ClCompile Include="..\..\..\Libs\openFrameworks\addons\ofxOpenCv\src\ofxCvShortImage.cpp">
      <Filter>addons\ofxOpenCv\src</Filter>
    </ClCompile>
    <ClCompile Include="src\Calibrator.cpp">
      <Filter>src</Filter>
    </ClCompile>
    <ClCompile Include="..\..\..\Libs\openFrameworks\addons\ofxBGS\libs\bgslibrary\package_bgs\AdaptiveBackgroundLearning.cpp">
      <Filter>addons\ofxBGS</Filter>
    </ClCompile>
    <ClCompile Include="..\..\..\Libs\openFrameworks\addons\ofxBGS\libs\bgslibrary\package_bgs\FrameDifferenceBGS.cpp">
      <Filter>addons\ofxBGS</Filter>
    </ClCompile>
    <ClCompile Include="..\..\..\Libs\openFrameworks\addons\ofxBGS\libs\bgslibrary\package_bgs\MixtureOfGaussianV1BGS.cpp">
      <Filter>addons\ofxBGS</Filter>
    </ClCompile>
    <ClCompile Include="..\..\..\Libs\openFrameworks\addons\ofxBGS\libs\bgslibrary\package_bgs\MixtureOfGaussianV2BGS.cpp">
      <Filter>addons\ofxBGS</Filter>
    </ClCompile>
    <ClCompile Include="..\..\..\Libs\openFrameworks\addons\ofxBGS\libs\bgslibrary\package_bgs\StaticFrameDifferenceBGS.cpp">
      <Filter>addons\ofxBGS</Filter>
    </ClCompile>
    <ClCompile Include="..\..\..\Libs\openFrameworks\addons\ofxBGS\libs\bgslibrary\package_bgs\WeightedMovingMeanBGS.cpp">
      <Filter>addons\ofxBGS</Filter>
    </ClCompile>
    <ClCompile Include="..\..\..\Libs\openFrameworks\addons\ofxBGS\libs\bgslibrary\package_bgs\WeightedMovingVarianceBGS.cpp">
      <Filter>addons\ofxBGS</Filter>
    </ClCompile>
    <ClCompile Include="..\..\..\Libs\openFrameworks\addons\ofxBGS\libs\bgslibrary\package_bgs\dp\AdaptiveMedianBGS.cpp">
      <Filter>addons\ofxBGS\dp</Filter>
    </ClCompile>
    <ClCompile Include="..\..\..\Libs\openFrameworks\addons\ofxBGS\libs\bgslibrary\package_bgs\dp\DPAdaptiveMedianBGS.cpp">
      <Filter>addons\ofxBGS\dp</Filter>
    </ClCompile>
    <ClCompile Include="..\..\..\Libs\openFrameworks\addons\ofxBGS\libs\bgslibrary\package_bgs\dp\DPEigenbackgroundBGS.cpp">
      <Filter>addons\ofxBGS\dp</Filter>
    </ClCompile>
    <ClCompile Include="..\..\..\Libs\openFrameworks\addons\ofxBGS\libs\bgslibrary\package_bgs\dp\DPGrimsonGMMBGS.cpp">
      <Filter>addons\ofxBGS\dp</Filter>
    </ClCompile>
    <ClCompile Include="..\..\..\Libs\openFrameworks\addons\ofxBGS\libs\bgslibrary\package_bgs\dp\DPMeanBGS.cpp">
      <Filter>addons\ofxBGS\dp</Filter>
    </ClCompile>
    <ClCompile Include="..\..\..\Libs\openFrameworks\addons\ofxBGS\libs\bgslibrary\package_bgs\dp\DPPratiMediodBGS.cpp">
      <Filter>addons\ofxBGS\dp</Filter>
    </ClCompile>
    <ClCompile Include="..\..\..\Libs\openFrameworks\addons\ofxBGS\libs\bgslibrary\package_bgs\dp\DPWrenGABGS.cpp">
      <Filter>addons\ofxBGS\dp</Filter>
    </ClCompile>
    <ClCompile Include="..\..\..\Libs\openFrameworks\addons\ofxBGS\libs\bgslibrary\package_bgs\dp\DPZivkovicAGMMBGS.cpp">
      <Filter>addons\ofxBGS\dp</Filter>
    </ClCompile>
    <ClCompile Include="..\..\..\Libs\openFrameworks\addons\ofxBGS\libs\bgslibrary\package_bgs\dp\Eigenbackground.cpp">
      <Filter>addons\ofxBGS\dp</Filter>
    </ClCompile>
    <ClCompile Include="..\..\..\Libs\openFrameworks\addons\ofxBGS\libs\bgslibrary\package_bgs\dp\GrimsonGMM.cpp">
      <Filter>addons\ofxBGS\dp</Filter>
    </ClCompile>
    <ClCompile Include="..\..\..\Libs\openFrameworks\addons\ofxBGS\libs\bgslibrary\package_bgs\dp\Image.cpp">
      <Filter>addons\ofxBGS\dp</Filter>
    </ClCompile>
    <ClCompile Include="..\..\..\Libs\openFrameworks\addons\ofxBGS\libs\bgslibrary\package_bgs\dp\MeanBGS.cpp">
      <Filter>addons\ofxBGS\dp</Filter>
    </ClCompile>
    <ClCompile Include="..\..\..\Libs\openFrameworks\addons\ofxBGS\libs\bgslibrary\package_bgs\dp\PratiMediodBGS.cpp">
      <Filter>addons\ofxBGS\dp</Filter>
    </ClCompile>
    <ClCompile Include="..\..\..\Libs\openFrameworks\addons\ofxBGS\libs\bgslibrary\package_bgs\dp\WrenGA.cpp">
      <Filter>addons\ofxBGS\dp</Filter>
    </ClCompile>
    <ClCompile Include="..\..\..\Libs\openFrameworks\addons\ofxBGS\libs\bgslibrary\package_bgs\dp\ZivkovicAGMM.cpp">
      <Filter>addons\ofxBGS\dp</Filter>
    </ClCompile>
    <ClCompile Include="..\..\..\Libs\openFrameworks\addons\ofxBGS\libs\bgslibrary\package_bgs\jmo\blob.cpp">
      <Filter>addons\ofxBGS\jmo</Filter>
    </ClCompile>
    <ClCompile Include="..\..\..\Libs\openFrameworks\addons\ofxBGS\libs\bgslibrary\package_bgs\jmo\BlobExtraction.cpp">
      <Filter>addons\ofxBGS\jmo</Filter>
    </ClCompile>
    <ClCompile Include="..\..\..\Libs\openFrameworks\addons\ofxBGS\libs\bgslibrary\package_bgs\jmo\BlobResult.cpp">
      <Filter>addons\ofxBGS\jmo</Filter>
    </ClCompile>
    <ClCompile Include="..\..\..\Libs\openFrameworks\addons\ofxBGS\libs\bgslibrary\package_bgs\jmo\CMultiLayerBGS.cpp">
      <Filter>addons\ofxBGS\jmo</Filter>
    </ClCompile>
    <ClCompile Include="..\..\..\Libs\openFrameworks\addons\ofxBGS\libs\bgslibrary\package_bgs\jmo\LocalBinaryPattern.cpp">
      <Filter>addons\ofxBGS\jmo</Filter>
    </ClCompile>
    <ClCompile Include="..\..\..\Libs\openFrameworks\addons\ofxBGS\libs\bgslibrary\package_bgs\jmo\MultiLayerBGS.cpp">
      <Filter>addons\ofxBGS\jmo</Filter>
    </ClCompile>
    <ClCompile Include="..\..\..\Libs\openFrameworks\addons\ofxBGS\libs\bgslibrary\package_bgs\lb\BGModel.cpp">
      <Filter>addons\ofxBGS\lb</Filter>
    </ClCompile>
    <ClCompile Include="..\..\..\Libs\openFrameworks\addons\ofxBGS\libs\bgslibrary\package_bgs\lb\BGModelFuzzyGauss.cpp">
      <Filter>addons\ofxBGS\lb</Filter>
    </ClCompile>
    <ClCompile Include="..\..\..\Libs\openFrameworks\addons\ofxBGS\libs\bgslibrary\package_bgs\lb\BGModelFuzzySom.cpp">
      <Filter>addons\ofxBGS\lb</Filter>
    </ClCompile>
    <ClCompile Include="..\..\..\Libs\openFrameworks\addons\ofxBGS\libs\bgslibrary\package_bgs\lb\BGModelGauss.cpp">
      <Filter>addons\ofxBGS\lb</Filter>
    </ClCompile>
    <ClCompile Include="..\..\..\Libs\openFrameworks\addons\ofxBGS\libs\bgslibrary\package_bgs\lb\BGModelMog.cpp">
      <Filter>addons\ofxBGS\lb</Filter>
    </ClCompile>
    <ClCompile Include="..\..\..\Libs\openFrameworks\addons\ofxBGS\libs\bgslibrary\package_bgs\lb\BGModelSom.cpp">
      <Filter>addons\ofxBGS\lb</Filter>
    </ClCompile>
    <ClCompile Include="..\..\..\Libs\openFrameworks\addons\ofxBGS\libs\bgslibrary\package_bgs\lb\LBAdaptiveSOM.cpp">
      <Filter>addons\ofxBGS\lb</Filter>
    </ClCompile>
    <ClCompile Include="..\..\..\Libs\openFrameworks\addons\ofxBGS\libs\bgslibrary\package_bgs\lb\LBFuzzyAdaptiveSOM.cpp">
      <Filter>addons\ofxBGS\lb</Filter>
    </ClCompile>
    <ClCompile Include="..\..\..\Libs\openFrameworks\addons\ofxBGS\libs\bgslibrary\package_bgs\lb\LBFuzzyGaussian.cpp">
      <Filter>addons\ofxBGS\lb</Filter>
    </ClCompile>
    <ClCompile Include="..\..\..\Libs\openFrameworks\addons\ofxBGS\libs\bgslibrary\package_bgs\lb\LBMixtureOfGaussians.cpp">
      <Filter>addons\ofxBGS\lb</Filter>
    </ClCompile>
    <ClCompile Include="..\..\..\Libs\openFrameworks\addons\ofxBGS\libs\bgslibrary\package_bgs\lb\LBSimpleGaussian.cpp">
      <Filter>addons\ofxBGS\lb</Filter>
    </ClCompile>
    <ClCompile Include="..\..\..\Libs\openFrameworks\addons\ofxBGS\libs\bgslibrary\package_bgs\tb\FuzzyChoquetIntegral.cpp">
      <Filter>addons\ofxBGS\tb</Filter>
    </ClCompile>
    <ClCompile Include="..\..\..\Libs\openFrameworks\addons\ofxBGS\libs\bgslibrary\package_bgs\tb\FuzzySugenoIntegral.cpp">
      <Filter>addons\ofxBGS\tb</Filter>
    </ClCompile>
    <ClCompile Include="..\..\..\Libs\openFrameworks\addons\ofxBGS\libs\bgslibrary\package_bgs\tb\FuzzyUtils.cpp">
      <Filter>addons\ofxBGS\tb</Filter>
    </ClCompile>
    <ClCompile Include="..\..\..\Libs\openFrameworks\addons\ofxBGS\libs\bgslibrary\package_bgs\tb\PerformanceUtils.cpp">
      <Filter>addons\ofxBGS\tb</Filter>
    </ClCompile>
    <ClCompile Include="..\..\..\Libs\openFrameworks\addons\ofxBGS\libs\bgslibrary\package_bgs\tb\PixelUtils.cpp">
      <Filter>addons\ofxBGS\tb</Filter>
    </ClCompile>
    <ClCompile Include="..\..\..\Libs\openFrameworks\addons\ofxBGS\libs\bgslibrary\package_bgs\tb\T2FGMM.cpp">
      <Filter>addons\ofxBGS\tb</Filter>
    </ClCompile>
    <ClCompile Include="..\..\..\Libs\openFrameworks\addons\ofxBGS\libs\bgslibrary\package_bgs\tb\T2FGMM_UM.cpp">
      <Filter>addons\ofxBGS\tb</Filter>
    </ClCompile>
    <ClCompile Include="..\..\..\Libs\openFrameworks\addons\ofxBGS\libs\bgslibrary\package_bgs\tb\T2FGMM_UV.cpp">
      <Filter>addons\ofxBGS\tb</Filter>
    </ClCompile>
  </ItemGroup>
  <ItemGroup>
    <Filter Include="src">
      <UniqueIdentifier>{d8376475-7454-4a24-b08a-aac121d3ad6f}</UniqueIdentifier>
    </Filter>
    <Filter Include="addons">
      <UniqueIdentifier>{71834F65-F3A9-211E-73B8-DC85}</UniqueIdentifier>
    </Filter>
    <Filter Include="addons\ofxContourUtil">
      <UniqueIdentifier>{E6572189-3E6D-8E7F-F729-23B2}</UniqueIdentifier>
    </Filter>
    <Filter Include="addons\ofxContourUtil\src">
      <UniqueIdentifier>{EE37C117-421D-289D-A595-9D45}</UniqueIdentifier>
    </Filter>
    <Filter Include="addons\ofxContourUtil\libs">
      <UniqueIdentifier>{8F1A2BD4-28AF-E494-CD4B-A3D7}</UniqueIdentifier>
    </Filter>
    <Filter Include="addons\ofxGui">
      <UniqueIdentifier>{4F2A59AF-5F4E-704B-D067-EC13}</UniqueIdentifier>
    </Filter>
    <Filter Include="addons\ofxGui\src">
      <UniqueIdentifier>{645E9533-4DCD-6179-1CDF-CB65}</UniqueIdentifier>
    </Filter>
    <Filter Include="addons\ofxOsc">
      <UniqueIdentifier>{D91DCA33-6E5D-4481-2AEC-9FBB}</UniqueIdentifier>
    </Filter>
    <Filter Include="addons\ofxOsc\src">
      <UniqueIdentifier>{B9DD339A-D93D-92A1-0A2F-4B41}</UniqueIdentifier>
    </Filter>
    <Filter Include="addons\ofxOsc\libs">
      <UniqueIdentifier>{99ECA1D9-873F-4622-8FC0-FC7B}</UniqueIdentifier>
    </Filter>
    <Filter Include="addons\ofxOsc\libs\oscpack">
      <UniqueIdentifier>{D3A98534-1602-4FEF-57A6-6593}</UniqueIdentifier>
    </Filter>
    <Filter Include="addons\ofxOsc\libs\oscpack\src">
      <UniqueIdentifier>{BFB5BB47-98C8-BBCB-3066-1046}</UniqueIdentifier>
    </Filter>
    <Filter Include="addons\ofxOsc\libs\oscpack\src\ip">
      <UniqueIdentifier>{5A029128-EB41-95C5-CBC0-CDED}</UniqueIdentifier>
    </Filter>
    <Filter Include="addons\ofxOsc\libs\oscpack\src\ip\win32">
      <UniqueIdentifier>{79DFDFE2-400B-8654-3675-01A3}</UniqueIdentifier>
    </Filter>
    <Filter Include="addons\ofxOsc\libs\oscpack\src\osc">
      <UniqueIdentifier>{EDACB89C-9768-9551-4D41-B590}</UniqueIdentifier>
    </Filter>
    <Filter Include="addons\ofxStateMachine">
      <UniqueIdentifier>{DBD883A7-6ADE-DDE2-F786-03E6}</UniqueIdentifier>
    </Filter>
    <Filter Include="addons\ofxStateMachine\src">
      <UniqueIdentifier>{F43EE182-92E0-B7FC-C59F-CC91}</UniqueIdentifier>
    </Filter>
    <Filter Include="addons\ofxThreadedImageLoader">
      <UniqueIdentifier>{4FCFBE74-4716-4092-C67F-91AE}</UniqueIdentifier>
    </Filter>
    <Filter Include="addons\ofxThreadedImageLoader\src">
      <UniqueIdentifier>{96E590A4-6AB6-FE3D-02EC-8D08}</UniqueIdentifier>
    </Filter>
    <Filter Include="addons\ofxVideoRecorder">
      <UniqueIdentifier>{6B78D2D8-98FF-B34D-69CD-3E32}</UniqueIdentifier>
    </Filter>
    <Filter Include="addons\ofxVideoRecorder\src">
      <UniqueIdentifier>{74C68898-5CD7-2978-39C1-016C}</UniqueIdentifier>
    </Filter>
    <Filter Include="addons\ofxOpenCv">
      <UniqueIdentifier>{b56e795b-dc0f-4fbe-8055-f14caf0519ce}</UniqueIdentifier>
    </Filter>
    <Filter Include="addons\ofxOpenCv\src">
      <UniqueIdentifier>{2c9b62d0-798e-4d8f-95e7-77eca1325af4}</UniqueIdentifier>
    </Filter>
    <Filter Include="addons\ofxBGS">
      <UniqueIdentifier>{1b5e4c31-8021-4478-b68e-45d7f6e3976f}</UniqueIdentifier>
    </Filter>
    <Filter Include="addons\ofxBGS\dp">
      <UniqueIdentifier>{ed5d5a3e-7554-432f-89c6-e64caf8e37f8}</UniqueIdentifier>
    </Filter>
    <Filter Include="addons\ofxBGS\jmo">
      <UniqueIdentifier>{3d8d3ae1-ba7b-43a2-9bc2-3ba28df82f83}</UniqueIdentifier>
    </Filter>
    <Filter Include="addons\ofxBGS\lb">
      <UniqueIdentifier>{d88cfdd3-414e-4cdf-acb8-876441e9dd72}</UniqueIdentifier>
    </Filter>
    <Filter Include="addons\ofxBGS\tb">
      <UniqueIdentifier>{890cc0c5-12ef-4771-8298-b6f7a50fce07}</UniqueIdentifier>
    </Filter>
  </ItemGroup>
  <ItemGroup>
    <ClInclude Include="src\ofApp.h">
      <Filter>src</Filter>
    </ClInclude>
    <ClInclude Include="..\..\..\Libs\openFrameworks\addons\ofxContourUtil\src\ofxContourUtil.h">
      <Filter>addons\ofxContourUtil\src</Filter>
    </ClInclude>
    <ClInclude Include="..\..\..\Libs\openFrameworks\addons\ofxContourUtil\src\ofxCvContourSimplify.h">
      <Filter>addons\ofxContourUtil\src</Filter>
    </ClInclude>
    <ClInclude Include="..\..\..\Libs\openFrameworks\addons\ofxContourUtil\libs\convexHull.h">
      <Filter>addons\ofxContourUtil\libs</Filter>
    </ClInclude>
    <ClInclude Include="..\..\..\Libs\openFrameworks\addons\ofxContourUtil\libs\polylineSimplify.h">
      <Filter>addons\ofxContourUtil\libs</Filter>
    </ClInclude>
    <ClInclude Include="..\..\..\Libs\openFrameworks\addons\ofxGui\src\ofxBaseGui.h">
      <Filter>addons\ofxGui\src</Filter>
    </ClInclude>
    <ClInclude Include="..\..\..\Libs\openFrameworks\addons\ofxGui\src\ofxButton.h">
      <Filter>addons\ofxGui\src</Filter>
    </ClInclude>
    <ClInclude Include="..\..\..\Libs\openFrameworks\addons\ofxGui\src\ofxGui.h">
      <Filter>addons\ofxGui\src</Filter>
    </ClInclude>
    <ClInclude Include="..\..\..\Libs\openFrameworks\addons\ofxGui\src\ofxGuiGroup.h">
      <Filter>addons\ofxGui\src</Filter>
    </ClInclude>
    <ClInclude Include="..\..\..\Libs\openFrameworks\addons\ofxGui\src\ofxLabel.h">
      <Filter>addons\ofxGui\src</Filter>
    </ClInclude>
    <ClInclude Include="..\..\..\Libs\openFrameworks\addons\ofxGui\src\ofxPanel.h">
      <Filter>addons\ofxGui\src</Filter>
    </ClInclude>
    <ClInclude Include="..\..\..\Libs\openFrameworks\addons\ofxGui\src\ofxSlider.h">
      <Filter>addons\ofxGui\src</Filter>
    </ClInclude>
    <ClInclude Include="..\..\..\Libs\openFrameworks\addons\ofxGui\src\ofxSliderGroup.h">
      <Filter>addons\ofxGui\src</Filter>
    </ClInclude>
    <ClInclude Include="..\..\..\Libs\openFrameworks\addons\ofxGui\src\ofxToggle.h">
      <Filter>addons\ofxGui\src</Filter>
    </ClInclude>
    <ClInclude Include="..\..\..\Libs\openFrameworks\addons\ofxOsc\src\ofxOsc.h">
      <Filter>addons\ofxOsc\src</Filter>
    </ClInclude>
    <ClInclude Include="..\..\..\Libs\openFrameworks\addons\ofxOsc\src\ofxOscArg.h">
      <Filter>addons\ofxOsc\src</Filter>
    </ClInclude>
    <ClInclude Include="..\..\..\Libs\openFrameworks\addons\ofxOsc\src\ofxOscBundle.h">
      <Filter>addons\ofxOsc\src</Filter>
    </ClInclude>
    <ClInclude Include="..\..\..\Libs\openFrameworks\addons\ofxOsc\src\ofxOscMessage.h">
      <Filter>addons\ofxOsc\src</Filter>
    </ClInclude>
    <ClInclude Include="..\..\..\Libs\openFrameworks\addons\ofxOsc\src\ofxOscParameterSync.h">
      <Filter>addons\ofxOsc\src</Filter>
    </ClInclude>
    <ClInclude Include="..\..\..\Libs\openFrameworks\addons\ofxOsc\src\ofxOscReceiver.h">
      <Filter>addons\ofxOsc\src</Filter>
    </ClInclude>
    <ClInclude Include="..\..\..\Libs\openFrameworks\addons\ofxOsc\src\ofxOscSender.h">
      <Filter>addons\ofxOsc\src</Filter>
    </ClInclude>
    <ClInclude Include="..\..\..\Libs\openFrameworks\addons\ofxOsc\libs\oscpack\src\ip\IpEndpointName.h">
      <Filter>addons\ofxOsc\libs\oscpack\src\ip</Filter>
    </ClInclude>
    <ClInclude Include="..\..\..\Libs\openFrameworks\addons\ofxOsc\libs\oscpack\src\ip\NetworkingUtils.h">
      <Filter>addons\ofxOsc\libs\oscpack\src\ip</Filter>
    </ClInclude>
    <ClInclude Include="..\..\..\Libs\openFrameworks\addons\ofxOsc\libs\oscpack\src\ip\PacketListener.h">
      <Filter>addons\ofxOsc\libs\oscpack\src\ip</Filter>
    </ClInclude>
    <ClInclude Include="..\..\..\Libs\openFrameworks\addons\ofxOsc\libs\oscpack\src\ip\TimerListener.h">
      <Filter>addons\ofxOsc\libs\oscpack\src\ip</Filter>
    </ClInclude>
    <ClInclude Include="..\..\..\Libs\openFrameworks\addons\ofxOsc\libs\oscpack\src\ip\UdpSocket.h">
      <Filter>addons\ofxOsc\libs\oscpack\src\ip</Filter>
    </ClInclude>
    <ClInclude Include="..\..\..\Libs\openFrameworks\addons\ofxOsc\libs\oscpack\src\osc\MessageMappingOscPacketListener.h">
      <Filter>addons\ofxOsc\libs\oscpack\src\osc</Filter>
    </ClInclude>
    <ClInclude Include="..\..\..\Libs\openFrameworks\addons\ofxOsc\libs\oscpack\src\osc\OscException.h">
      <Filter>addons\ofxOsc\libs\oscpack\src\osc</Filter>
    </ClInclude>
    <ClInclude Include="..\..\..\Libs\openFrameworks\addons\ofxOsc\libs\oscpack\src\osc\OscHostEndianness.h">
      <Filter>addons\ofxOsc\libs\oscpack\src\osc</Filter>
    </ClInclude>
    <ClInclude Include="..\..\..\Libs\openFrameworks\addons\ofxOsc\libs\oscpack\src\osc\OscOutboundPacketStream.h">
      <Filter>addons\ofxOsc\libs\oscpack\src\osc</Filter>
    </ClInclude>
    <ClInclude Include="..\..\..\Libs\openFrameworks\addons\ofxOsc\libs\oscpack\src\osc\OscPacketListener.h">
      <Filter>addons\ofxOsc\libs\oscpack\src\osc</Filter>
    </ClInclude>
    <ClInclude Include="..\..\..\Libs\openFrameworks\addons\ofxOsc\libs\oscpack\src\osc\OscPrintReceivedElements.h">
      <Filter>addons\ofxOsc\libs\oscpack\src\osc</Filter>
    </ClInclude>
    <ClInclude Include="..\..\..\Libs\openFrameworks\addons\ofxOsc\libs\oscpack\src\osc\OscReceivedElements.h">
      <Filter>addons\ofxOsc\libs\oscpack\src\osc</Filter>
    </ClInclude>
    <ClInclude Include="..\..\..\Libs\openFrameworks\addons\ofxOsc\libs\oscpack\src\osc\OscTypes.h">
      <Filter>addons\ofxOsc\libs\oscpack\src\osc</Filter>
    </ClInclude>
    <ClInclude Include="..\..\..\Libs\openFrameworks\addons\ofxStateMachine\src\ofxState.h">
      <Filter>addons\ofxStateMachine\src</Filter>
    </ClInclude>
    <ClInclude Include="..\..\..\Libs\openFrameworks\addons\ofxStateMachine\src\ofxStateMachine.h">
      <Filter>addons\ofxStateMachine\src</Filter>
    </ClInclude>
    <ClInclude Include="..\..\..\Libs\openFrameworks\addons\ofxThreadedImageLoader\src\ofxThreadedImageLoader.h">
      <Filter>addons\ofxThreadedImageLoader\src</Filter>
    </ClInclude>
    <ClInclude Include="..\..\..\Libs\openFrameworks\addons\ofxVideoRecorder\src\ofxVideoRecorder.h">
      <Filter>addons\ofxVideoRecorder\src</Filter>
    </ClInclude>
    <ClInclude Include="..\..\..\Libs\openFrameworks\addons\ofxOpenCv\src\ofxCvBlob.h">
      <Filter>addons\ofxOpenCv\src</Filter>
    </ClInclude>
    <ClInclude Include="..\..\..\Libs\openFrameworks\addons\ofxOpenCv\src\ofxCvColorImage.h">
      <Filter>addons\ofxOpenCv\src</Filter>
    </ClInclude>
    <ClInclude Include="..\..\..\Libs\openFrameworks\addons\ofxOpenCv\src\ofxCvConstants.h">
      <Filter>addons\ofxOpenCv\src</Filter>
    </ClInclude>
    <ClInclude Include="..\..\..\Libs\openFrameworks\addons\ofxOpenCv\src\ofxCvContourFinder.h">
      <Filter>addons\ofxOpenCv\src</Filter>
    </ClInclude>
    <ClInclude Include="..\..\..\Libs\openFrameworks\addons\ofxOpenCv\src\ofxCvFloatImage.h">
      <Filter>addons\ofxOpenCv\src</Filter>
    </ClInclude>
    <ClInclude Include="..\..\..\Libs\openFrameworks\addons\ofxOpenCv\src\ofxCvGrayscaleImage.h">
      <Filter>addons\ofxOpenCv\src</Filter>
    </ClInclude>
    <ClInclude Include="..\..\..\Libs\openFrameworks\addons\ofxOpenCv\src\ofxCvHaarFinder.h">
      <Filter>addons\ofxOpenCv\src</Filter>
    </ClInclude>
    <ClInclude Include="..\..\..\Libs\openFrameworks\addons\ofxOpenCv\src\ofxCvImage.h">
      <Filter>addons\ofxOpenCv\src</Filter>
    </ClInclude>
    <ClInclude Include="..\..\..\Libs\openFrameworks\addons\ofxOpenCv\src\ofxCvShortImage.h">
      <Filter>addons\ofxOpenCv\src</Filter>
    </ClInclude>
    <ClInclude Include="..\..\..\Libs\openFrameworks\addons\ofxOpenCv\src\ofxOpenCv.h">
      <Filter>addons\ofxOpenCv\src</Filter>
    </ClInclude>
    <ClInclude Include="src\Calibrator.h">
      <Filter>src</Filter>
    </ClInclude>
    <ClInclude Include="..\..\..\Libs\openFrameworks\addons\ofxBGS\libs\bgslibrary\package_bgs\AdaptiveBackgroundLearning.h">
      <Filter>addons\ofxBGS</Filter>
    </ClInclude>
    <ClInclude Include="..\..\..\Libs\openFrameworks\addons\ofxBGS\libs\bgslibrary\package_bgs\FrameDifferenceBGS.h">
      <Filter>addons\ofxBGS</Filter>
    </ClInclude>
    <ClInclude Include="..\..\..\Libs\openFrameworks\addons\ofxBGS\libs\bgslibrary\package_bgs\IBGS.h">
      <Filter>addons\ofxBGS</Filter>
    </ClInclude>
    <ClInclude Include="..\..\..\Libs\openFrameworks\addons\ofxBGS\libs\bgslibrary\package_bgs\MixtureOfGaussianV1BGS.h">
      <Filter>addons\ofxBGS</Filter>
    </ClInclude>
    <ClInclude Include="..\..\..\Libs\openFrameworks\addons\ofxBGS\libs\bgslibrary\package_bgs\MixtureOfGaussianV2BGS.h">
      <Filter>addons\ofxBGS</Filter>
    </ClInclude>
    <ClInclude Include="..\..\..\Libs\openFrameworks\addons\ofxBGS\libs\bgslibrary\package_bgs\StaticFrameDifferenceBGS.h">
      <Filter>addons\ofxBGS</Filter>
    </ClInclude>
    <ClInclude Include="..\..\..\Libs\openFrameworks\addons\ofxBGS\libs\bgslibrary\package_bgs\WeightedMovingMeanBGS.h">
      <Filter>addons\ofxBGS</Filter>
    </ClInclude>
    <ClInclude Include="..\..\..\Libs\openFrameworks\addons\ofxBGS\libs\bgslibrary\package_bgs\WeightedMovingVarianceBGS.h">
      <Filter>addons\ofxBGS</Filter>
    </ClInclude>
    <ClInclude Include="..\..\..\Libs\openFrameworks\addons\ofxBGS\libs\bgslibrary\package_bgs\dp\AdaptiveMedianBGS.h">
      <Filter>addons\ofxBGS\dp</Filter>
    </ClInclude>
    <ClInclude Include="..\..\..\Libs\openFrameworks\addons\ofxBGS\libs\bgslibrary\package_bgs\dp\Bgs.h">
      <Filter>addons\ofxBGS\dp</Filter>
    </ClInclude>
    <ClInclude Include="..\..\..\Libs\openFrameworks\addons\ofxBGS\libs\bgslibrary\package_bgs\dp\BgsParams.h">
      <Filter>addons\ofxBGS\dp</Filter>
    </ClInclude>
    <ClInclude Include="..\..\..\Libs\openFrameworks\addons\ofxBGS\libs\bgslibrary\package_bgs\dp\DPAdaptiveMedianBGS.h">
      <Filter>addons\ofxBGS\dp</Filter>
    </ClInclude>
    <ClInclude Include="..\..\..\Libs\openFrameworks\addons\ofxBGS\libs\bgslibrary\package_bgs\dp\DPEigenbackgroundBGS.h">
      <Filter>addons\ofxBGS\dp</Filter>
    </ClInclude>
    <ClInclude Include="..\..\..\Libs\openFrameworks\addons\ofxBGS\libs\bgslibrary\package_bgs\dp\DPGrimsonGMMBGS.h">
      <Filter>addons\ofxBGS\dp</Filter>
    </ClInclude>
    <ClInclude Include="..\..\..\Libs\openFrameworks\addons\ofxBGS\libs\bgslibrary\package_bgs\dp\DPMeanBGS.h">
      <Filter>addons\ofxBGS\dp</Filter>
    </ClInclude>
    <ClInclude Include="..\..\..\Libs\openFrameworks\addons\ofxBGS\libs\bgslibrary\package_bgs\dp\DPPratiMediodBGS.h">
      <Filter>addons\ofxBGS\dp</Filter>
    </ClInclude>
    <ClInclude Include="..\..\..\Libs\openFrameworks\addons\ofxBGS\libs\bgslibrary\package_bgs\dp\DPWrenGABGS.h">
      <Filter>addons\ofxBGS\dp</Filter>
    </ClInclude>
    <ClInclude Include="..\..\..\Libs\openFrameworks\addons\ofxBGS\libs\bgslibrary\package_bgs\dp\DPZivkovicAGMMBGS.h">
      <Filter>addons\ofxBGS\dp</Filter>
    </ClInclude>
    <ClInclude Include="..\..\..\Libs\openFrameworks\addons\ofxBGS\libs\bgslibrary\package_bgs\dp\Eigenbackground.h">
      <Filter>addons\ofxBGS\dp</Filter>
    </ClInclude>
    <ClInclude Include="..\..\..\Libs\openFrameworks\addons\ofxBGS\libs\bgslibrary\package_bgs\dp\GrimsonGMM.h">
      <Filter>addons\ofxBGS\dp</Filter>
    </ClInclude>
    <ClInclude Include="..\..\..\Libs\openFrameworks\addons\ofxBGS\libs\bgslibrary\package_bgs\dp\Image.h">
      <Filter>addons\ofxBGS\dp</Filter>
    </ClInclude>
    <ClInclude Include="..\..\..\Libs\openFrameworks\addons\ofxBGS\libs\bgslibrary\package_bgs\dp\MeanBGS.h">
      <Filter>addons\ofxBGS\dp</Filter>
    </ClInclude>
    <ClInclude Include="..\..\..\Libs\openFrameworks\addons\ofxBGS\libs\bgslibrary\package_bgs\dp\PratiMediodBGS.h">
      <Filter>addons\ofxBGS\dp</Filter>
    </ClInclude>
    <ClInclude Include="..\..\..\Libs\openFrameworks\addons\ofxBGS\libs\bgslibrary\package_bgs\dp\WrenGA.h">
      <Filter>addons\ofxBGS\dp</Filter>
    </ClInclude>
    <ClInclude Include="..\..\..\Libs\openFrameworks\addons\ofxBGS\libs\bgslibrary\package_bgs\dp\ZivkovicAGMM.h">
      <Filter>addons\ofxBGS\dp</Filter>
    </ClInclude>
    <ClInclude Include="..\..\..\Libs\openFrameworks\addons\ofxBGS\libs\bgslibrary\package_bgs\jmo\BackgroundSubtractionAPI.h">
      <Filter>addons\ofxBGS\jmo</Filter>
    </ClInclude>
    <ClInclude Include="..\..\..\Libs\openFrameworks\addons\ofxBGS\libs\bgslibrary\package_bgs\jmo\BGS.h">
      <Filter>addons\ofxBGS\jmo</Filter>
    </ClInclude>
    <ClInclude Include="..\..\..\Libs\openFrameworks\addons\ofxBGS\libs\bgslibrary\package_bgs\jmo\blob.h">
      <Filter>addons\ofxBGS\jmo</Filter>
    </ClInclude>
    <ClInclude Include="..\..\..\Libs\openFrameworks\addons\ofxBGS\libs\bgslibrary\package_bgs\jmo\BlobExtraction.h">
      <Filter>addons\ofxBGS\jmo</Filter>
    </ClInclude>
    <ClInclude Include="..\..\..\Libs\openFrameworks\addons\ofxBGS\libs\bgslibrary\package_bgs\jmo\BlobLibraryConfiguration.h">
      <Filter>addons\ofxBGS\jmo</Filter>
    </ClInclude>
    <ClInclude Include="..\..\..\Libs\openFrameworks\addons\ofxBGS\libs\bgslibrary\package_bgs\jmo\BlobResult.h">
      <Filter>addons\ofxBGS\jmo</Filter>
    </ClInclude>
    <ClInclude Include="..\..\..\Libs\openFrameworks\addons\ofxBGS\libs\bgslibrary\package_bgs\jmo\CMultiLayerBGS.h">
      <Filter>addons\ofxBGS\jmo</Filter>
    </ClInclude>
    <ClInclude Include="..\..\..\Libs\openFrameworks\addons\ofxBGS\libs\bgslibrary\package_bgs\jmo\LocalBinaryPattern.h">
      <Filter>addons\ofxBGS\jmo</Filter>
    </ClInclude>
    <ClInclude Include="..\..\..\Libs\openFrameworks\addons\ofxBGS\libs\bgslibrary\package_bgs\jmo\MultiLayerBGS.h">
      <Filter>addons\ofxBGS\jmo</Filter>
    </ClInclude>
    <ClInclude Include="..\..\..\Libs\openFrameworks\addons\ofxBGS\libs\bgslibrary\package_bgs\jmo\OpenCvDataConversion.h">
      <Filter>addons\ofxBGS\jmo</Filter>
    </ClInclude>
    <ClInclude Include="..\..\..\Libs\openFrameworks\addons\ofxBGS\libs\bgslibrary\package_bgs\lb\BGModel.h">
      <Filter>addons\ofxBGS\lb</Filter>
    </ClInclude>
    <ClInclude Include="..\..\..\Libs\openFrameworks\addons\ofxBGS\libs\bgslibrary\package_bgs\lb\BGModelFuzzyGauss.h">
      <Filter>addons\ofxBGS\lb</Filter>
    </ClInclude>
    <ClInclude Include="..\..\..\Libs\openFrameworks\addons\ofxBGS\libs\bgslibrary\package_bgs\lb\BGModelFuzzySom.h">
      <Filter>addons\ofxBGS\lb</Filter>
    </ClInclude>
    <ClInclude Include="..\..\..\Libs\openFrameworks\addons\ofxBGS\libs\bgslibrary\package_bgs\lb\BGModelGauss.h">
      <Filter>addons\ofxBGS\lb</Filter>
    </ClInclude>
    <ClInclude Include="..\..\..\Libs\openFrameworks\addons\ofxBGS\libs\bgslibrary\package_bgs\lb\BGModelMog.h">
      <Filter>addons\ofxBGS\lb</Filter>
    </ClInclude>
    <ClInclude Include="..\..\..\Libs\openFrameworks\addons\ofxBGS\libs\bgslibrary\package_bgs\lb\BGModelSom.h">
      <Filter>addons\ofxBGS\lb</Filter>
    </ClInclude>
    <ClInclude Include="..\..\..\Libs\openFrameworks\addons\ofxBGS\libs\bgslibrary\package_bgs\lb\LBAdaptiveSOM.h">
      <Filter>addons\ofxBGS\lb</Filter>
    </ClInclude>
    <ClInclude Include="..\..\..\Libs\openFrameworks\addons\ofxBGS\libs\bgslibrary\package_bgs\lb\LBFuzzyAdaptiveSOM.h">
      <Filter>addons\ofxBGS\lb</Filter>
    </ClInclude>
    <ClInclude Include="..\..\..\Libs\openFrameworks\addons\ofxBGS\libs\bgslibrary\package_bgs\lb\LBFuzzyGaussian.h">
      <Filter>addons\ofxBGS\lb</Filter>
    </ClInclude>
    <ClInclude Include="..\..\..\Libs\openFrameworks\addons\ofxBGS\libs\bgslibrary\package_bgs\lb\LBMixtureOfGaussians.h">
      <Filter>addons\ofxBGS\lb</Filter>
    </ClInclude>
    <ClInclude Include="..\..\..\Libs\openFrameworks\addons\ofxBGS\libs\bgslibrary\package_bgs\lb\LBSimpleGaussian.h">
      <Filter>addons\ofxBGS\lb</Filter>
    </ClInclude>
    <ClInclude Include="..\..\..\Libs\openFrameworks\addons\ofxBGS\libs\bgslibrary\package_bgs\lb\Types.h">
      <Filter>addons\ofxBGS\lb</Filter>
    </ClInclude>
    <ClInclude Include="..\..\..\Libs\openFrameworks\addons\ofxBGS\libs\bgslibrary\package_bgs\tb\FuzzyChoquetIntegral.h">
      <Filter>addons\ofxBGS\tb</Filter>
    </ClInclude>
    <ClInclude Include="..\..\..\Libs\openFrameworks\addons\ofxBGS\libs\bgslibrary\package_bgs\tb\FuzzySugenoIntegral.h">
      <Filter>addons\ofxBGS\tb</Filter>
    </ClInclude>
    <ClInclude Include="..\..\..\Libs\openFrameworks\addons\ofxBGS\libs\bgslibrary\package_bgs\tb\FuzzyUtils.h">
      <Filter>addons\ofxBGS\tb</Filter>
    </ClInclude>
    <ClInclude Include="..\..\..\Libs\openFrameworks\addons\ofxBGS\libs\bgslibrary\package_bgs\tb\PerformanceUtils.h">
      <Filter>addons\ofxBGS\tb</Filter>
    </ClInclude>
    <ClInclude Include="..\..\..\Libs\openFrameworks\addons\ofxBGS\libs\bgslibrary\package_bgs\tb\PixelUtils.h">
      <Filter>addons\ofxBGS\tb</Filter>
    </ClInclude>
    <ClInclude Include="..\..\..\Libs\openFrameworks\addons\ofxBGS\libs\bgslibrary\package_bgs\tb\T2FGMM.h">
      <Filter>addons\ofxBGS\tb</Filter>
    </ClInclude>
    <ClInclude Include="..\..\..\Libs\openFrameworks\addons\ofxBGS\libs\bgslibrary\package_bgs\tb\T2FGMM_UM.h">
      <Filter>addons\ofxBGS\tb</Filter>
    </ClInclude>
    <ClInclude Include="..\..\..\Libs\openFrameworks\addons\ofxBGS\libs\bgslibrary\package_bgs\tb\T2FGMM_UV.h">
      <Filter>addons\ofxBGS\tb</Filter>
    </ClInclude>
  </ItemGroup>
  <ItemGroup>
    <ResourceCompile Include="icon.rc" />
  </ItemGroup>
</Project>