<?xml version="1.0" encoding="utf-8"?>
<Project ToolsVersion="4.0" xmlns="http://schemas.microsoft.com/developer/msbuild/2003">
  <ItemGroup>
    <ClCompile Include="src\main.cpp">
      <Filter>src</Filter>
    </ClCompile>
    <ClCompile Include="..\..\..\Libs\openFrameworks\addons\ofxGui\src\ofxBaseGui.cpp">
      <Filter>addons\ofxGui\src</Filter>
    </ClCompile>
    <ClCompile Include="..\..\..\Libs\openFrameworks\addons\ofxGui\src\ofxButton.cpp">
      <Filter>addons\ofxGui\src</Filter>
    </ClCompile>
    <ClCompile Include="..\..\..\Libs\openFrameworks\addons\ofxGui\src\ofxGuiGroup.cpp">
      <Filter>addons\ofxGui\src</Filter>
    </ClCompile>
    <ClCompile Include="..\..\..\Libs\openFrameworks\addons\ofxGui\src\ofxLabel.cpp">
      <Filter>addons\ofxGui\src</Filter>
    </ClCompile>
    <ClCompile Include="..\..\..\Libs\openFrameworks\addons\ofxGui\src\ofxPanel.cpp">
      <Filter>addons\ofxGui\src</Filter>
    </ClCompile>
    <ClCompile Include="..\..\..\Libs\openFrameworks\addons\ofxGui\src\ofxSlider.cpp">
      <Filter>addons\ofxGui\src</Filter>
    </ClCompile>
    <ClCompile Include="..\..\..\Libs\openFrameworks\addons\ofxGui\src\ofxSliderGroup.cpp">
      <Filter>addons\ofxGui\src</Filter>
    </ClCompile>
    <ClCompile Include="..\..\..\Libs\openFrameworks\addons\ofxGui\src\ofxToggle.cpp">
      <Filter>addons\ofxGui\src</Filter>
    </ClCompile>
    <ClCompile Include="..\..\..\Libs\openFrameworks\addons\ofxOsc\src\ofxOscBundle.cpp">
      <Filter>addons\ofxOsc\src</Filter>
    </ClCompile>
    <ClCompile Include="..\..\..\Libs\openFrameworks\addons\ofxOsc\src\ofxOscMessage.cpp">
      <Filter>addons\ofxOsc\src</Filter>
    </ClCompile>
    <ClCompile Include="..\..\..\Libs\openFrameworks\addons\ofxOsc\src\ofxOscParameterSync.cpp">
      <Filter>addons\ofxOsc\src</Filter>
    </ClCompile>
    <ClCompile Include="..\..\..\Libs\openFrameworks\addons\ofxOsc\src\ofxOscReceiver.cpp">
      <Filter>addons\ofxOsc\src</Filter>
    </ClCompile>
    <ClCompile Include="..\..\..\Libs\openFrameworks\addons\ofxOsc\src\ofxOscSender.cpp">
      <Filter>addons\ofxOsc\src</Filter>
    </ClCompile>
    <ClCompile Include="..\..\..\Libs\openFrameworks\addons\ofxOsc\libs\oscpack\src\ip\IpEndpointName.cpp">
      <Filter>addons\ofxOsc\libs\oscpack\src\ip</Filter>
    </ClCompile>
    <ClCompile Include="..\..\..\Libs\openFrameworks\addons\ofxOsc\libs\oscpack\src\ip\win32\NetworkingUtils.cpp">
      <Filter>addons\ofxOsc\libs\oscpack\src\ip\win32</Filter>
    </ClCompile>
    <ClCompile Include="..\..\..\Libs\openFrameworks\addons\ofxOsc\libs\oscpack\src\ip\win32\UdpSocket.cpp">
      <Filter>addons\ofxOsc\libs\oscpack\src\ip\win32</Filter>
    </ClCompile>
    <ClCompile Include="..\..\..\Libs\openFrameworks\addons\ofxOsc\libs\oscpack\src\osc\OscOutboundPacketStream.cpp">
      <Filter>addons\ofxOsc\libs\oscpack\src\osc</Filter>
    </ClCompile>
    <ClCompile Include="..\..\..\Libs\openFrameworks\addons\ofxOsc\libs\oscpack\src\osc\OscPrintReceivedElements.cpp">
      <Filter>addons\ofxOsc\libs\oscpack\src\osc</Filter>
    </ClCompile>
    <ClCompile Include="..\..\..\Libs\openFrameworks\addons\ofxOsc\libs\oscpack\src\osc\OscReceivedElements.cpp">
      <Filter>addons\ofxOsc\libs\oscpack\src\osc</Filter>
    </ClCompile>
    <ClCompile Include="..\..\..\Libs\openFrameworks\addons\ofxOsc\libs\oscpack\src\osc\OscTypes.cpp">
      <Filter>addons\ofxOsc\libs\oscpack\src\osc</Filter>
    </ClCompile>
    <ClCompile Include="..\..\..\Libs\openFrameworks\addons\ofxThreadedImageLoader\src\ofxThreadedImageLoader.cpp">
      <Filter>addons\ofxThreadedImageLoader\src</Filter>
    </ClCompile>
    <ClCompile Include="..\..\..\Libs\openFrameworks\addons\ofxVideoRecorder\src\ofxVideoRecorder.cpp">
      <Filter>addons\ofxVideoRecorder\src</Filter>
    </ClCompile>
    <ClCompile Include="..\..\..\Libs\openFrameworks\addons\ofxOpenCv\src\ofxCvColorImage.cpp">
      <Filter>addons\ofxOpenCv\src</Filter>
    </ClCompile>
    <ClCompile Include="..\..\..\Libs\openFrameworks\addons\ofxOpenCv\src\ofxCvContourFinder.cpp">
      <Filter>addons\ofxOpenCv\src</Filter>
    </ClCompile>
    <ClCompile Include="..\..\..\Libs\openFrameworks\addons\ofxOpenCv\src\ofxCvFloatImage.cpp">
      <Filter>addons\ofxOpenCv\src</Filter>
    </ClCompile>
    <ClCompile Include="..\..\..\Libs\openFrameworks\addons\ofxOpenCv\src\ofxCvGrayscaleImage.cpp">
      <Filter>addons\ofxOpenCv\src</Filter>
    </ClCompile>
    <ClCompile Include="..\..\..\Libs\openFrameworks\addons\ofxOpenCv\src\ofxCvHaarFinder.cpp">
      <Filter>addons\ofxOpenCv\src</Filter>
    </ClCompile>
    <ClCompile Include="..\..\..\Libs\openFrameworks\addons\ofxOpenCv\src\ofxCvImage.cpp">
      <Filter>addons\ofxOpenCv\src</Filter>
    </ClCompile>
    <ClCompile Include="..\..\..\Libs\openFrameworks\addons\ofxOpenCv\src\ofxCvShortImage.cpp">
      <Filter>addons\ofxOpenCv\src</Filter>
    </ClCompile>
    <ClCompile Include="src\Calibrator.cpp">
      <Filter>src</Filter>
    </ClCompile>
    <ClCompile Include="..\..\..\Libs\openFrameworks\addons\ofxCv\libs\CLD\src\ETF.cpp">
      <Filter>addons\ofxCv\libs\CLD\src</Filter>
    </ClCompile>
    <ClCompile Include="..\..\..\Libs\openFrameworks\addons\ofxCv\libs\CLD\src\fdog.cpp">
      <Filter>addons\ofxCv\libs\CLD\src</Filter>
    </ClCompile>
    <ClCompile Include="..\..\..\Libs\openFrameworks\addons\ofxCv\libs\ofxCv\src\Calibration.cpp">
      <Filter>addons\ofxCv\libs\ofxCv\src</Filter>
    </ClCompile>
    <ClCompile Include="..\..\..\Libs\openFrameworks\addons\ofxCv\libs\ofxCv\src\ContourFinder.cpp">
      <Filter>addons\ofxCv\libs\ofxCv\src</Filter>
    </ClCompile>
    <ClCompile Include="..\..\..\Libs\openFrameworks\addons\ofxCv\libs\ofxCv\src\Distance.cpp">
      <Filter>addons\ofxCv\libs\ofxCv\src</Filter>
    </ClCompile>
    <ClCompile Include="..\..\..\Libs\openFrameworks\addons\ofxCv\libs\ofxCv\src\Flow.cpp">
      <Filter>addons\ofxCv\libs\ofxCv\src</Filter>
    </ClCompile>
    <ClCompile Include="..\..\..\Libs\openFrameworks\addons\ofxCv\libs\ofxCv\src\Helpers.cpp">
      <Filter>addons\ofxCv\libs\ofxCv\src</Filter>
    </ClCompile>
    <ClCompile Include="..\..\..\Libs\openFrameworks\addons\ofxCv\libs\ofxCv\src\Kalman.cpp">
      <Filter>addons\ofxCv\libs\ofxCv\src</Filter>
    </ClCompile>
    <ClCompile Include="..\..\..\Libs\openFrameworks\addons\ofxCv\libs\ofxCv\src\ObjectFinder.cpp">
      <Filter>addons\ofxCv\libs\ofxCv\src</Filter>
    </ClCompile>
    <ClCompile Include="..\..\..\Libs\openFrameworks\addons\ofxCv\libs\ofxCv\src\RunningBackground.cpp">
      <Filter>addons\ofxCv\libs\ofxCv\src</Filter>
    </ClCompile>
    <ClCompile Include="..\..\..\Libs\openFrameworks\addons\ofxCv\libs\ofxCv\src\Tracker.cpp">
      <Filter>addons\ofxCv\libs\ofxCv\src</Filter>
    </ClCompile>
    <ClCompile Include="..\..\..\Libs\openFrameworks\addons\ofxCv\libs\ofxCv\src\Utilities.cpp">
      <Filter>addons\ofxCv\libs\ofxCv\src</Filter>
    </ClCompile>
    <ClCompile Include="..\..\..\Libs\openFrameworks\addons\ofxCv\libs\ofxCv\src\Wrappers.cpp">
      <Filter>addons\ofxCv\libs\ofxCv\src</Filter>
    </ClCompile>
    <ClCompile Include="src\Grabber.cpp">
      <Filter>src</Filter>
    </ClCompile>
    <ClCompile Include="src\Recorder.cpp">
      <Filter>src</Filter>
    </ClCompile>
    <ClCompile Include="src\Settings.cpp">
      <Filter>src</Filter>
    </ClCompile>
    <ClCompile Include="src\Analysis.cpp">
      <Filter>src</Filter>
    </ClCompile>
    <ClCompile Include="src\bgsubcnt\bgsubcnt.cpp">
      <Filter>src\bgsubcnt</Filter>
    </ClCompile>
    <ClCompile Include="src\convexHull\ofxConvexHull.cpp">
      <Filter>src\convexHull</Filter>
    </ClCompile>
    <ClCompile Include="src\kinect2\ofxKinect2.cpp">
      <Filter>src\kinect2</Filter>
    </ClCompile>
    <ClCompile Include="src\Utils.cpp">
      <Filter>src</Filter>
    </ClCompile>
    <ClCompile Include="src\ofAppGui.cpp">
      <Filter>src</Filter>
    </ClCompile>
    <ClCompile Include="src\ofAppProjector.cpp">
      <Filter>src</Filter>
    </ClCompile>
  </ItemGroup>
  <ItemGroup>
    <Filter Include="src">
      <UniqueIdentifier>{d8376475-7454-4a24-b08a-aac121d3ad6f}</UniqueIdentifier>
    </Filter>
    <Filter Include="addons">
      <UniqueIdentifier>{71834F65-F3A9-211E-73B8-DC85}</UniqueIdentifier>
    </Filter>
    <Filter Include="addons\ofxContourUtil">
      <UniqueIdentifier>{E6572189-3E6D-8E7F-F729-23B2}</UniqueIdentifier>
    </Filter>
    <Filter Include="addons\ofxContourUtil\src">
      <UniqueIdentifier>{EE37C117-421D-289D-A595-9D45}</UniqueIdentifier>
    </Filter>
    <Filter Include="addons\ofxContourUtil\libs">
      <UniqueIdentifier>{8F1A2BD4-28AF-E494-CD4B-A3D7}</UniqueIdentifier>
    </Filter>
    <Filter Include="addons\ofxGui">
      <UniqueIdentifier>{4F2A59AF-5F4E-704B-D067-EC13}</UniqueIdentifier>
    </Filter>
    <Filter Include="addons\ofxGui\src">
      <UniqueIdentifier>{645E9533-4DCD-6179-1CDF-CB65}</UniqueIdentifier>
    </Filter>
    <Filter Include="addons\ofxOsc">
      <UniqueIdentifier>{D91DCA33-6E5D-4481-2AEC-9FBB}</UniqueIdentifier>
    </Filter>
    <Filter Include="addons\ofxOsc\src">
      <UniqueIdentifier>{B9DD339A-D93D-92A1-0A2F-4B41}</UniqueIdentifier>
    </Filter>
    <Filter Include="addons\ofxOsc\libs">
      <UniqueIdentifier>{99ECA1D9-873F-4622-8FC0-FC7B}</UniqueIdentifier>
    </Filter>
    <Filter Include="addons\ofxOsc\libs\oscpack">
      <UniqueIdentifier>{D3A98534-1602-4FEF-57A6-6593}</UniqueIdentifier>
    </Filter>
    <Filter Include="addons\ofxOsc\libs\oscpack\src">
      <UniqueIdentifier>{BFB5BB47-98C8-BBCB-3066-1046}</UniqueIdentifier>
    </Filter>
    <Filter Include="addons\ofxOsc\libs\oscpack\src\ip">
      <UniqueIdentifier>{5A029128-EB41-95C5-CBC0-CDED}</UniqueIdentifier>
    </Filter>
    <Filter Include="addons\ofxOsc\libs\oscpack\src\ip\win32">
      <UniqueIdentifier>{79DFDFE2-400B-8654-3675-01A3}</UniqueIdentifier>
    </Filter>
    <Filter Include="addons\ofxOsc\libs\oscpack\src\osc">
      <UniqueIdentifier>{EDACB89C-9768-9551-4D41-B590}</UniqueIdentifier>
    </Filter>
    <Filter Include="addons\ofxThreadedImageLoader">
      <UniqueIdentifier>{4FCFBE74-4716-4092-C67F-91AE}</UniqueIdentifier>
    </Filter>
    <Filter Include="addons\ofxThreadedImageLoader\src">
      <UniqueIdentifier>{96E590A4-6AB6-FE3D-02EC-8D08}</UniqueIdentifier>
    </Filter>
    <Filter Include="addons\ofxVideoRecorder">
      <UniqueIdentifier>{6B78D2D8-98FF-B34D-69CD-3E32}</UniqueIdentifier>
    </Filter>
    <Filter Include="addons\ofxVideoRecorder\src">
      <UniqueIdentifier>{74C68898-5CD7-2978-39C1-016C}</UniqueIdentifier>
    </Filter>
    <Filter Include="addons\ofxOpenCv">
      <UniqueIdentifier>{b56e795b-dc0f-4fbe-8055-f14caf0519ce}</UniqueIdentifier>
    </Filter>
    <Filter Include="addons\ofxOpenCv\src">
      <UniqueIdentifier>{2c9b62d0-798e-4d8f-95e7-77eca1325af4}</UniqueIdentifier>
    </Filter>
    <Filter Include="addons\ofxCv">
      <UniqueIdentifier>{d69b9393-755b-4429-aeb5-36a9e7b7a8d2}</UniqueIdentifier>
    </Filter>
    <Filter Include="addons\ofxCv\src">
      <UniqueIdentifier>{a781081d-e791-4e1d-aef7-5ab9dde624de}</UniqueIdentifier>
    </Filter>
    <Filter Include="addons\ofxCv\libs">
      <UniqueIdentifier>{a0eb5c9b-54c4-473a-b443-2761d4d10d72}</UniqueIdentifier>
    </Filter>
    <Filter Include="addons\ofxCv\libs\CLD">
      <UniqueIdentifier>{60806335-8fee-4fa5-a98d-af7b5cf6b28e}</UniqueIdentifier>
    </Filter>
    <Filter Include="addons\ofxCv\libs\CLD\include">
      <UniqueIdentifier>{74abef58-eda6-4d12-bdbf-ef6f5d1b1dc3}</UniqueIdentifier>
    </Filter>
    <Filter Include="addons\ofxCv\libs\CLD\include\CLD">
      <UniqueIdentifier>{fa5b8295-58df-4505-a61b-c8acea4e0ca7}</UniqueIdentifier>
    </Filter>
    <Filter Include="addons\ofxCv\libs\CLD\src">
      <UniqueIdentifier>{4ce4ea2d-85ab-43da-ad27-723066cbff5f}</UniqueIdentifier>
    </Filter>
    <Filter Include="addons\ofxCv\libs\ofxCv">
      <UniqueIdentifier>{238f2bd7-7a89-43b6-9745-9aa60f12af03}</UniqueIdentifier>
    </Filter>
    <Filter Include="addons\ofxCv\libs\ofxCv\include">
      <UniqueIdentifier>{107caa54-ca89-489d-9be4-6cfc4cedc836}</UniqueIdentifier>
    </Filter>
    <Filter Include="addons\ofxCv\libs\ofxCv\include\ofxCv">
      <UniqueIdentifier>{aaeeca93-7d1e-43be-84ce-08c16674d238}</UniqueIdentifier>
    </Filter>
    <Filter Include="addons\ofxCv\libs\ofxCv\src">
      <UniqueIdentifier>{9da3043c-dcb3-49e0-951b-76ae71dc6ad4}</UniqueIdentifier>
    </Filter>
    <Filter Include="src\bgsubcnt">
      <UniqueIdentifier>{1408e7b9-4ebf-4ed7-925a-44e003b4eb6e}</UniqueIdentifier>
    </Filter>
    <Filter Include="src\convexHull">
      <UniqueIdentifier>{97a6beef-b6c2-4396-b9f3-fd68402dab9b}</UniqueIdentifier>
    </Filter>
    <Filter Include="src\kinect2">
      <UniqueIdentifier>{42e80bd2-b0c3-4ac1-9ba7-418e138e1f39}</UniqueIdentifier>
    </Filter>
    <Filter Include="src\kinect2\utils">
      <UniqueIdentifier>{fc7c2a52-4192-4b95-b4e9-835960e1eb57}</UniqueIdentifier>
    </Filter>
  </ItemGroup>
  <ItemGroup>
    <ClInclude Include="..\..\..\Libs\openFrameworks\addons\ofxContourUtil\src\ofxContourUtil.h">
      <Filter>addons\ofxContourUtil\src</Filter>
    </ClInclude>
    <ClInclude Include="..\..\..\Libs\openFrameworks\addons\ofxContourUtil\src\ofxCvContourSimplify.h">
      <Filter>addons\ofxContourUtil\src</Filter>
    </ClInclude>
    <ClInclude Include="..\..\..\Libs\openFrameworks\addons\ofxContourUtil\libs\convexHull.h">
      <Filter>addons\ofxContourUtil\libs</Filter>
    </ClInclude>
    <ClInclude Include="..\..\..\Libs\openFrameworks\addons\ofxContourUtil\libs\polylineSimplify.h">
      <Filter>addons\ofxContourUtil\libs</Filter>
    </ClInclude>
    <ClInclude Include="..\..\..\Libs\openFrameworks\addons\ofxGui\src\ofxBaseGui.h">
      <Filter>addons\ofxGui\src</Filter>
    </ClInclude>
    <ClInclude Include="..\..\..\Libs\openFrameworks\addons\ofxGui\src\ofxButton.h">
      <Filter>addons\ofxGui\src</Filter>
    </ClInclude>
    <ClInclude Include="..\..\..\Libs\openFrameworks\addons\ofxGui\src\ofxGui.h">
      <Filter>addons\ofxGui\src</Filter>
    </ClInclude>
    <ClInclude Include="..\..\..\Libs\openFrameworks\addons\ofxGui\src\ofxGuiGroup.h">
      <Filter>addons\ofxGui\src</Filter>
    </ClInclude>
    <ClInclude Include="..\..\..\Libs\openFrameworks\addons\ofxGui\src\ofxLabel.h">
      <Filter>addons\ofxGui\src</Filter>
    </ClInclude>
    <ClInclude Include="..\..\..\Libs\openFrameworks\addons\ofxGui\src\ofxPanel.h">
      <Filter>addons\ofxGui\src</Filter>
    </ClInclude>
    <ClInclude Include="..\..\..\Libs\openFrameworks\addons\ofxGui\src\ofxSlider.h">
      <Filter>addons\ofxGui\src</Filter>
    </ClInclude>
    <ClInclude Include="..\..\..\Libs\openFrameworks\addons\ofxGui\src\ofxSliderGroup.h">
      <Filter>addons\ofxGui\src</Filter>
    </ClInclude>
    <ClInclude Include="..\..\..\Libs\openFrameworks\addons\ofxGui\src\ofxToggle.h">
      <Filter>addons\ofxGui\src</Filter>
    </ClInclude>
    <ClInclude Include="..\..\..\Libs\openFrameworks\addons\ofxOsc\src\ofxOsc.h">
      <Filter>addons\ofxOsc\src</Filter>
    </ClInclude>
    <ClInclude Include="..\..\..\Libs\openFrameworks\addons\ofxOsc\src\ofxOscArg.h">
      <Filter>addons\ofxOsc\src</Filter>
    </ClInclude>
    <ClInclude Include="..\..\..\Libs\openFrameworks\addons\ofxOsc\src\ofxOscBundle.h">
      <Filter>addons\ofxOsc\src</Filter>
    </ClInclude>
    <ClInclude Include="..\..\..\Libs\openFrameworks\addons\ofxOsc\src\ofxOscMessage.h">
      <Filter>addons\ofxOsc\src</Filter>
    </ClInclude>
    <ClInclude Include="..\..\..\Libs\openFrameworks\addons\ofxOsc\src\ofxOscParameterSync.h">
      <Filter>addons\ofxOsc\src</Filter>
    </ClInclude>
    <ClInclude Include="..\..\..\Libs\openFrameworks\addons\ofxOsc\src\ofxOscReceiver.h">
      <Filter>addons\ofxOsc\src</Filter>
    </ClInclude>
    <ClInclude Include="..\..\..\Libs\openFrameworks\addons\ofxOsc\src\ofxOscSender.h">
      <Filter>addons\ofxOsc\src</Filter>
    </ClInclude>
    <ClInclude Include="..\..\..\Libs\openFrameworks\addons\ofxOsc\libs\oscpack\src\ip\IpEndpointName.h">
      <Filter>addons\ofxOsc\libs\oscpack\src\ip</Filter>
    </ClInclude>
    <ClInclude Include="..\..\..\Libs\openFrameworks\addons\ofxOsc\libs\oscpack\src\ip\NetworkingUtils.h">
      <Filter>addons\ofxOsc\libs\oscpack\src\ip</Filter>
    </ClInclude>
    <ClInclude Include="..\..\..\Libs\openFrameworks\addons\ofxOsc\libs\oscpack\src\ip\PacketListener.h">
      <Filter>addons\ofxOsc\libs\oscpack\src\ip</Filter>
    </ClInclude>
    <ClInclude Include="..\..\..\Libs\openFrameworks\addons\ofxOsc\libs\oscpack\src\ip\TimerListener.h">
      <Filter>addons\ofxOsc\libs\oscpack\src\ip</Filter>
    </ClInclude>
    <ClInclude Include="..\..\..\Libs\openFrameworks\addons\ofxOsc\libs\oscpack\src\ip\UdpSocket.h">
      <Filter>addons\ofxOsc\libs\oscpack\src\ip</Filter>
    </ClInclude>
    <ClInclude Include="..\..\..\Libs\openFrameworks\addons\ofxOsc\libs\oscpack\src\osc\MessageMappingOscPacketListener.h">
      <Filter>addons\ofxOsc\libs\oscpack\src\osc</Filter>
    </ClInclude>
    <ClInclude Include="..\..\..\Libs\openFrameworks\addons\ofxOsc\libs\oscpack\src\osc\OscException.h">
      <Filter>addons\ofxOsc\libs\oscpack\src\osc</Filter>
    </ClInclude>
    <ClInclude Include="..\..\..\Libs\openFrameworks\addons\ofxOsc\libs\oscpack\src\osc\OscHostEndianness.h">
      <Filter>addons\ofxOsc\libs\oscpack\src\osc</Filter>
    </ClInclude>
    <ClInclude Include="..\..\..\Libs\openFrameworks\addons\ofxOsc\libs\oscpack\src\osc\OscOutboundPacketStream.h">
      <Filter>addons\ofxOsc\libs\oscpack\src\osc</Filter>
    </ClInclude>
    <ClInclude Include="..\..\..\Libs\openFrameworks\addons\ofxOsc\libs\oscpack\src\osc\OscPacketListener.h">
      <Filter>addons\ofxOsc\libs\oscpack\src\osc</Filter>
    </ClInclude>
    <ClInclude Include="..\..\..\Libs\openFrameworks\addons\ofxOsc\libs\oscpack\src\osc\OscPrintReceivedElements.h">
      <Filter>addons\ofxOsc\libs\oscpack\src\osc</Filter>
    </ClInclude>
    <ClInclude Include="..\..\..\Libs\openFrameworks\addons\ofxOsc\libs\oscpack\src\osc\OscReceivedElements.h">
      <Filter>addons\ofxOsc\libs\oscpack\src\osc</Filter>
    </ClInclude>
    <ClInclude Include="..\..\..\Libs\openFrameworks\addons\ofxOsc\libs\oscpack\src\osc\OscTypes.h">
      <Filter>addons\ofxOsc\libs\oscpack\src\osc</Filter>
    </ClInclude>
    <ClInclude Include="..\..\..\Libs\openFrameworks\addons\ofxThreadedImageLoader\src\ofxThreadedImageLoader.h">
      <Filter>addons\ofxThreadedImageLoader\src</Filter>
    </ClInclude>
    <ClInclude Include="..\..\..\Libs\openFrameworks\addons\ofxVideoRecorder\src\ofxVideoRecorder.h">
      <Filter>addons\ofxVideoRecorder\src</Filter>
    </ClInclude>
    <ClInclude Include="..\..\..\Libs\openFrameworks\addons\ofxOpenCv\src\ofxCvBlob.h">
      <Filter>addons\ofxOpenCv\src</Filter>
    </ClInclude>
    <ClInclude Include="..\..\..\Libs\openFrameworks\addons\ofxOpenCv\src\ofxCvColorImage.h">
      <Filter>addons\ofxOpenCv\src</Filter>
    </ClInclude>
    <ClInclude Include="..\..\..\Libs\openFrameworks\addons\ofxOpenCv\src\ofxCvConstants.h">
      <Filter>addons\ofxOpenCv\src</Filter>
    </ClInclude>
    <ClInclude Include="..\..\..\Libs\openFrameworks\addons\ofxOpenCv\src\ofxCvContourFinder.h">
      <Filter>addons\ofxOpenCv\src</Filter>
    </ClInclude>
    <ClInclude Include="..\..\..\Libs\openFrameworks\addons\ofxOpenCv\src\ofxCvFloatImage.h">
      <Filter>addons\ofxOpenCv\src</Filter>
    </ClInclude>
    <ClInclude Include="..\..\..\Libs\openFrameworks\addons\ofxOpenCv\src\ofxCvGrayscaleImage.h">
      <Filter>addons\ofxOpenCv\src</Filter>
    </ClInclude>
    <ClInclude Include="..\..\..\Libs\openFrameworks\addons\ofxOpenCv\src\ofxCvHaarFinder.h">
      <Filter>addons\ofxOpenCv\src</Filter>
    </ClInclude>
    <ClInclude Include="..\..\..\Libs\openFrameworks\addons\ofxOpenCv\src\ofxCvImage.h">
      <Filter>addons\ofxOpenCv\src</Filter>
    </ClInclude>
    <ClInclude Include="..\..\..\Libs\openFrameworks\addons\ofxOpenCv\src\ofxCvShortImage.h">
      <Filter>addons\ofxOpenCv\src</Filter>
    </ClInclude>
    <ClInclude Include="..\..\..\Libs\openFrameworks\addons\ofxOpenCv\src\ofxOpenCv.h">
      <Filter>addons\ofxOpenCv\src</Filter>
    </ClInclude>
    <ClInclude Include="src\Calibrator.h">
      <Filter>src</Filter>
    </ClInclude>
    <ClInclude Include="..\..\..\Libs\openFrameworks\addons\ofxCv\src\ofxCv.h">
      <Filter>addons\ofxCv\src</Filter>
    </ClInclude>
    <ClInclude Include="..\..\..\Libs\openFrameworks\addons\ofxCv\libs\CLD\include\CLD\ETF.h">
      <Filter>addons\ofxCv\libs\CLD\include\CLD</Filter>
    </ClInclude>
    <ClInclude Include="..\..\..\Libs\openFrameworks\addons\ofxCv\libs\CLD\include\CLD\fdog.h">
      <Filter>addons\ofxCv\libs\CLD\include\CLD</Filter>
    </ClInclude>
    <ClInclude Include="..\..\..\Libs\openFrameworks\addons\ofxCv\libs\CLD\include\CLD\imatrix.h">
      <Filter>addons\ofxCv\libs\CLD\include\CLD</Filter>
    </ClInclude>
    <ClInclude Include="..\..\..\Libs\openFrameworks\addons\ofxCv\libs\CLD\include\CLD\myvec.h">
      <Filter>addons\ofxCv\libs\CLD\include\CLD</Filter>
    </ClInclude>
    <ClInclude Include="..\..\..\Libs\openFrameworks\addons\ofxCv\libs\ofxCv\include\ofxCv\Calibration.h">
      <Filter>addons\ofxCv\libs\ofxCv\include\ofxCv</Filter>
    </ClInclude>
    <ClInclude Include="..\..\..\Libs\openFrameworks\addons\ofxCv\libs\ofxCv\include\ofxCv\ContourFinder.h">
      <Filter>addons\ofxCv\libs\ofxCv\include\ofxCv</Filter>
    </ClInclude>
    <ClInclude Include="..\..\..\Libs\openFrameworks\addons\ofxCv\libs\ofxCv\include\ofxCv\Distance.h">
      <Filter>addons\ofxCv\libs\ofxCv\include\ofxCv</Filter>
    </ClInclude>
    <ClInclude Include="..\..\..\Libs\openFrameworks\addons\ofxCv\libs\ofxCv\include\ofxCv\Flow.h">
      <Filter>addons\ofxCv\libs\ofxCv\include\ofxCv</Filter>
    </ClInclude>
    <ClInclude Include="..\..\..\Libs\openFrameworks\addons\ofxCv\libs\ofxCv\include\ofxCv\Helpers.h">
      <Filter>addons\ofxCv\libs\ofxCv\include\ofxCv</Filter>
    </ClInclude>
    <ClInclude Include="..\..\..\Libs\openFrameworks\addons\ofxCv\libs\ofxCv\include\ofxCv\Kalman.h">
      <Filter>addons\ofxCv\libs\ofxCv\include\ofxCv</Filter>
    </ClInclude>
    <ClInclude Include="..\..\..\Libs\openFrameworks\addons\ofxCv\libs\ofxCv\include\ofxCv\ObjectFinder.h">
      <Filter>addons\ofxCv\libs\ofxCv\include\ofxCv</Filter>
    </ClInclude>
    <ClInclude Include="..\..\..\Libs\openFrameworks\addons\ofxCv\libs\ofxCv\include\ofxCv\RunningBackground.h">
      <Filter>addons\ofxCv\libs\ofxCv\include\ofxCv</Filter>
    </ClInclude>
    <ClInclude Include="..\..\..\Libs\openFrameworks\addons\ofxCv\libs\ofxCv\include\ofxCv\Tracker.h">
      <Filter>addons\ofxCv\libs\ofxCv\include\ofxCv</Filter>
    </ClInclude>
    <ClInclude Include="..\..\..\Libs\openFrameworks\addons\ofxCv\libs\ofxCv\include\ofxCv\Utilities.h">
      <Filter>addons\ofxCv\libs\ofxCv\include\ofxCv</Filter>
    </ClInclude>
    <ClInclude Include="..\..\..\Libs\openFrameworks\addons\ofxCv\libs\ofxCv\include\ofxCv\Wrappers.h">
      <Filter>addons\ofxCv\libs\ofxCv\include\ofxCv</Filter>
    </ClInclude>
    <ClInclude Include="src\Grabber.h">
      <Filter>src</Filter>
    </ClInclude>
    <ClInclude Include="src\Recorder.h">
      <Filter>src</Filter>
    </ClInclude>
    <ClInclude Include="src\Settings.h">
      <Filter>src</Filter>
    </ClInclude>
    <ClInclude Include="src\Analysis.h">
      <Filter>src</Filter>
    </ClInclude>
    <ClInclude Include="src\bgsubcnt\bgsubcnt.h">
      <Filter>src\bgsubcnt</Filter>
    </ClInclude>
    <ClInclude Include="src\convexHull\ofxConvexHull.h">
      <Filter>src\convexHull</Filter>
    </ClInclude>
    <ClInclude Include="src\kinect2\ofxKinect2.h">
      <Filter>src\kinect2</Filter>
    </ClInclude>
    <ClInclude Include="src\kinect2\ofxKinect2Enums.h">
      <Filter>src\kinect2</Filter>
    </ClInclude>
    <ClInclude Include="src\kinect2\ofxKinect2Types.h">
      <Filter>src\kinect2</Filter>
    </ClInclude>
    <ClInclude Include="src\kinect2\utils\DepthRemapToRange.h">
      <Filter>src\kinect2\utils</Filter>
    </ClInclude>
    <ClInclude Include="src\kinect2\utils\DoubleBuffer.h">
      <Filter>src\kinect2\utils</Filter>
    </ClInclude>
    <ClInclude Include="src\kinect2\utils\MeshGenerator.h">
      <Filter>src\kinect2\utils</Filter>
    </ClInclude>
    <ClInclude Include="src\ofAppGui.h">
      <Filter>src</Filter>
    </ClInclude>
    <ClInclude Include="src\ofAppProjector.h">
      <Filter>src</Filter>
    </ClInclude>
  </ItemGroup>
  <ItemGroup>
    <ResourceCompile Include="icon.rc" />
  </ItemGroup>
</Project>