<?xml version="1.0" encoding="utf-8"?>
<Project ToolsVersion="4.0" xmlns="http://schemas.microsoft.com/developer/msbuild/2003">
  <ItemGroup>
    <ClCompile Include="src\ofApp.cpp">
      <Filter>src</Filter>
    </ClCompile>
    <ClCompile Include="src\main.cpp">
      <Filter>src</Filter>
    </ClCompile>
    <ClCompile Include="..\..\..\addons\ofxCv\libs\CLD\src\ETF.cpp">
      <Filter>addons\ofxCv\libs\CLD\src</Filter>
    </ClCompile>
    <ClCompile Include="..\..\..\addons\ofxCv\libs\CLD\src\fdog.cpp">
      <Filter>addons\ofxCv\libs\CLD\src</Filter>
    </ClCompile>
    <ClCompile Include="..\..\..\addons\ofxCv\libs\ofxCv\src\Calibration.cpp">
      <Filter>addons\ofxCv\libs\ofxCv\src</Filter>
    </ClCompile>
    <ClCompile Include="..\..\..\addons\ofxCv\libs\ofxCv\src\ContourFinder.cpp">
      <Filter>addons\ofxCv\libs\ofxCv\src</Filter>
    </ClCompile>
    <ClCompile Include="..\..\..\addons\ofxCv\libs\ofxCv\src\Distance.cpp">
      <Filter>addons\ofxCv\libs\ofxCv\src</Filter>
    </ClCompile>
    <ClCompile Include="..\..\..\addons\ofxCv\libs\ofxCv\src\Flow.cpp">
      <Filter>addons\ofxCv\libs\ofxCv\src</Filter>
    </ClCompile>
    <ClCompile Include="..\..\..\addons\ofxCv\libs\ofxCv\src\Helpers.cpp">
      <Filter>addons\ofxCv\libs\ofxCv\src</Filter>
    </ClCompile>
    <ClCompile Include="..\..\..\addons\ofxCv\libs\ofxCv\src\Kalman.cpp">
      <Filter>addons\ofxCv\libs\ofxCv\src</Filter>
    </ClCompile>
    <ClCompile Include="..\..\..\addons\ofxCv\libs\ofxCv\src\ObjectFinder.cpp">
      <Filter>addons\ofxCv\libs\ofxCv\src</Filter>
    </ClCompile>
    <ClCompile Include="..\..\..\addons\ofxCv\libs\ofxCv\src\RunningBackground.cpp">
      <Filter>addons\ofxCv\libs\ofxCv\src</Filter>
    </ClCompile>
    <ClCompile Include="..\..\..\addons\ofxCv\libs\ofxCv\src\Tracker.cpp">
      <Filter>addons\ofxCv\libs\ofxCv\src</Filter>
    </ClCompile>
    <ClCompile Include="..\..\..\addons\ofxCv\libs\ofxCv\src\Utilities.cpp">
      <Filter>addons\ofxCv\libs\ofxCv\src</Filter>
    </ClCompile>
    <ClCompile Include="..\..\..\addons\ofxCv\libs\ofxCv\src\Wrappers.cpp">
      <Filter>addons\ofxCv\libs\ofxCv\src</Filter>
    </ClCompile>
    <ClCompile Include="..\..\..\addons\ofxGui\src\ofxBaseGui.cpp">
      <Filter>addons\ofxGui\src</Filter>
    </ClCompile>
    <ClCompile Include="..\..\..\addons\ofxGui\src\ofxButton.cpp">
      <Filter>addons\ofxGui\src</Filter>
    </ClCompile>
    <ClCompile Include="..\..\..\addons\ofxGui\src\ofxColorPicker.cpp">
      <Filter>addons\ofxGui\src</Filter>
    </ClCompile>
    <ClCompile Include="..\..\..\addons\ofxGui\src\ofxGuiGroup.cpp">
      <Filter>addons\ofxGui\src</Filter>
    </ClCompile>
    <ClCompile Include="..\..\..\addons\ofxGui\src\ofxInputField.cpp">
      <Filter>addons\ofxGui\src</Filter>
    </ClCompile>
    <ClCompile Include="..\..\..\addons\ofxGui\src\ofxLabel.cpp">
      <Filter>addons\ofxGui\src</Filter>
    </ClCompile>
    <ClCompile Include="..\..\..\addons\ofxGui\src\ofxPanel.cpp">
      <Filter>addons\ofxGui\src</Filter>
    </ClCompile>
    <ClCompile Include="..\..\..\addons\ofxGui\src\ofxSlider.cpp">
      <Filter>addons\ofxGui\src</Filter>
    </ClCompile>
    <ClCompile Include="..\..\..\addons\ofxGui\src\ofxSliderGroup.cpp">
      <Filter>addons\ofxGui\src</Filter>
    </ClCompile>
    <ClCompile Include="..\..\..\addons\ofxGui\src\ofxToggle.cpp">
      <Filter>addons\ofxGui\src</Filter>
    </ClCompile>
    <ClCompile Include="..\..\..\addons\ofxKinectForWindows2\src\ofxKinectForWindows2\Data\Body.cpp">
      <Filter>addons\ofxKinectForWindows2\src\ofxKinectForWindows2\Data</Filter>
    </ClCompile>
    <ClCompile Include="..\..\..\addons\ofxKinectForWindows2\src\ofxKinectForWindows2\Data\Joint.cpp">
      <Filter>addons\ofxKinectForWindows2\src\ofxKinectForWindows2\Data</Filter>
    </ClCompile>
    <ClCompile Include="..\..\..\addons\ofxKinectForWindows2\src\ofxKinectForWindows2\Device.cpp">
      <Filter>addons\ofxKinectForWindows2\src\ofxKinectForWindows2</Filter>
    </ClCompile>
    <ClCompile Include="..\..\..\addons\ofxKinectForWindows2\src\ofxKinectForWindows2\Source\BaseImage.cpp">
      <Filter>addons\ofxKinectForWindows2\src\ofxKinectForWindows2\Source</Filter>
    </ClCompile>
    <ClCompile Include="..\..\..\addons\ofxKinectForWindows2\src\ofxKinectForWindows2\Source\Body.cpp">
      <Filter>addons\ofxKinectForWindows2\src\ofxKinectForWindows2\Source</Filter>
    </ClCompile>
    <ClCompile Include="..\..\..\addons\ofxKinectForWindows2\src\ofxKinectForWindows2\Source\BodyIndex.cpp">
      <Filter>addons\ofxKinectForWindows2\src\ofxKinectForWindows2\Source</Filter>
    </ClCompile>
    <ClCompile Include="..\..\..\addons\ofxKinectForWindows2\src\ofxKinectForWindows2\Source\Color.cpp">
      <Filter>addons\ofxKinectForWindows2\src\ofxKinectForWindows2\Source</Filter>
    </ClCompile>
    <ClCompile Include="..\..\..\addons\ofxKinectForWindows2\src\ofxKinectForWindows2\Source\Depth.cpp">
      <Filter>addons\ofxKinectForWindows2\src\ofxKinectForWindows2\Source</Filter>
    </ClCompile>
    <ClCompile Include="..\..\..\addons\ofxKinectForWindows2\src\ofxKinectForWindows2\Source\Infrared.cpp">
      <Filter>addons\ofxKinectForWindows2\src\ofxKinectForWindows2\Source</Filter>
    </ClCompile>
    <ClCompile Include="..\..\..\addons\ofxKinectForWindows2\src\ofxKinectForWindows2\Source\LongExposureInfraRed.cpp">
      <Filter>addons\ofxKinectForWindows2\src\ofxKinectForWindows2\Source</Filter>
    </ClCompile>
    <ClCompile Include="..\..\..\addons\ofxKinectForWindows2\src\ofxKinectForWindows2\Utils.cpp">
      <Filter>addons\ofxKinectForWindows2\src\ofxKinectForWindows2</Filter>
    </ClCompile>
    <ClCompile Include="..\..\..\addons\ofxOpenCv\src\ofxCvColorImage.cpp">
      <Filter>addons\ofxOpenCv\src</Filter>
    </ClCompile>
    <ClCompile Include="..\..\..\addons\ofxOpenCv\src\ofxCvContourFinder.cpp">
      <Filter>addons\ofxOpenCv\src</Filter>
    </ClCompile>
    <ClCompile Include="..\..\..\addons\ofxOpenCv\src\ofxCvFloatImage.cpp">
      <Filter>addons\ofxOpenCv\src</Filter>
    </ClCompile>
    <ClCompile Include="..\..\..\addons\ofxOpenCv\src\ofxCvGrayscaleImage.cpp">
      <Filter>addons\ofxOpenCv\src</Filter>
    </ClCompile>
    <ClCompile Include="..\..\..\addons\ofxOpenCv\src\ofxCvHaarFinder.cpp">
      <Filter>addons\ofxOpenCv\src</Filter>
    </ClCompile>
    <ClCompile Include="..\..\..\addons\ofxOpenCv\src\ofxCvImage.cpp">
      <Filter>addons\ofxOpenCv\src</Filter>
    </ClCompile>
    <ClCompile Include="..\..\..\addons\ofxOpenCv\src\ofxCvShortImage.cpp">
      <Filter>addons\ofxOpenCv\src</Filter>
    </ClCompile>
    <ClCompile Include="..\..\..\addons\ofxOsc\src\ofxOscBundle.cpp">
      <Filter>addons\ofxOsc\src</Filter>
    </ClCompile>
    <ClCompile Include="..\..\..\addons\ofxOsc\src\ofxOscMessage.cpp">
      <Filter>addons\ofxOsc\src</Filter>
    </ClCompile>
    <ClCompile Include="..\..\..\addons\ofxOsc\src\ofxOscParameterSync.cpp">
      <Filter>addons\ofxOsc\src</Filter>
    </ClCompile>
    <ClCompile Include="..\..\..\addons\ofxOsc\src\ofxOscReceiver.cpp">
      <Filter>addons\ofxOsc\src</Filter>
    </ClCompile>
    <ClCompile Include="..\..\..\addons\ofxOsc\src\ofxOscSender.cpp">
      <Filter>addons\ofxOsc\src</Filter>
    </ClCompile>
    <ClCompile Include="..\..\..\addons\ofxOsc\libs\oscpack\src\ip\IpEndpointName.cpp">
      <Filter>addons\ofxOsc\libs\oscpack\src\ip</Filter>
    </ClCompile>
    <ClCompile Include="..\..\..\addons\ofxOsc\libs\oscpack\src\ip\win32\NetworkingUtils.cpp">
      <Filter>addons\ofxOsc\libs\oscpack\src\ip\win32</Filter>
    </ClCompile>
    <ClCompile Include="..\..\..\addons\ofxOsc\libs\oscpack\src\ip\win32\UdpSocket.cpp">
      <Filter>addons\ofxOsc\libs\oscpack\src\ip\win32</Filter>
    </ClCompile>
    <ClCompile Include="..\..\..\addons\ofxOsc\libs\oscpack\src\osc\OscOutboundPacketStream.cpp">
      <Filter>addons\ofxOsc\libs\oscpack\src\osc</Filter>
    </ClCompile>
    <ClCompile Include="..\..\..\addons\ofxOsc\libs\oscpack\src\osc\OscPrintReceivedElements.cpp">
      <Filter>addons\ofxOsc\libs\oscpack\src\osc</Filter>
    </ClCompile>
    <ClCompile Include="..\..\..\addons\ofxOsc\libs\oscpack\src\osc\OscReceivedElements.cpp">
      <Filter>addons\ofxOsc\libs\oscpack\src\osc</Filter>
    </ClCompile>
    <ClCompile Include="..\..\..\addons\ofxOsc\libs\oscpack\src\osc\OscTypes.cpp">
      <Filter>addons\ofxOsc\libs\oscpack\src\osc</Filter>
    </ClCompile>
    <ClCompile Include="src\bgsubcnt\bgsubcnt.cpp">
      <Filter>src\bgsubcnt</Filter>
    </ClCompile>
    <ClCompile Include="src\convexHull\ofxConvexHull.cpp">
      <Filter>src\convexHull</Filter>
    </ClCompile>
    <ClCompile Include="src\Analysis.cpp">
      <Filter>src</Filter>
    </ClCompile>
    <ClCompile Include="src\Calibrator.cpp">
      <Filter>src</Filter>
    </ClCompile>
    <ClCompile Include="src\Grabber.cpp">
      <Filter>src</Filter>
    </ClCompile>
    <ClCompile Include="src\ofAppGui.cpp">
      <Filter>src</Filter>
    </ClCompile>
    <ClCompile Include="src\ofAppProjector.cpp">
      <Filter>src</Filter>
    </ClCompile>
    <ClCompile Include="src\Recorder.cpp">
      <Filter>src</Filter>
    </ClCompile>
    <ClCompile Include="src\Settings.cpp">
      <Filter>src</Filter>
    </ClCompile>
    <ClCompile Include="src\Utils.cpp">
      <Filter>src</Filter>
    </ClCompile>
  </ItemGroup>
  <ItemGroup>
    <Filter Include="src">
      <UniqueIdentifier>{d8376475-7454-4a24-b08a-aac121d3ad6f}</UniqueIdentifier>
    </Filter>
    <Filter Include="addons">
      <UniqueIdentifier>{71834F65-F3A9-211E-73B8-DC85}</UniqueIdentifier>
    </Filter>
    <Filter Include="addons\ofxCv">
      <UniqueIdentifier>{A9C1150B-C1CB-2BC0-0F32-ED3B}</UniqueIdentifier>
    </Filter>
    <Filter Include="addons\ofxCv\src">
      <UniqueIdentifier>{6B661273-844D-D754-F98D-C3B1}</UniqueIdentifier>
    </Filter>
    <Filter Include="addons\ofxCv\libs">
      <UniqueIdentifier>{2D63E874-134A-C540-1157-C931}</UniqueIdentifier>
    </Filter>
    <Filter Include="addons\ofxCv\libs\CLD">
      <UniqueIdentifier>{6E254616-00D9-D1AD-2976-B475}</UniqueIdentifier>
    </Filter>
    <Filter Include="addons\ofxCv\libs\CLD\include">
      <UniqueIdentifier>{127D6EBD-127A-D8C0-AE83-D8F2}</UniqueIdentifier>
    </Filter>
    <Filter Include="addons\ofxCv\libs\CLD\include\CLD">
      <UniqueIdentifier>{8B905DF6-4298-B52E-6BAD-BD9B}</UniqueIdentifier>
    </Filter>
    <Filter Include="addons\ofxCv\libs\CLD\src">
      <UniqueIdentifier>{988C5DE1-0A28-4035-7625-48D9}</UniqueIdentifier>
    </Filter>
    <Filter Include="addons\ofxCv\libs\ofxCv">
      <UniqueIdentifier>{9104DB86-FB76-46B8-7315-E1A9}</UniqueIdentifier>
    </Filter>
    <Filter Include="addons\ofxCv\libs\ofxCv\include">
      <UniqueIdentifier>{80CEBD8F-DC90-1D69-BBF7-093D}</UniqueIdentifier>
    </Filter>
    <Filter Include="addons\ofxCv\libs\ofxCv\include\ofxCv">
      <UniqueIdentifier>{76E26063-B359-0A22-CC92-6F5B}</UniqueIdentifier>
    </Filter>
    <Filter Include="addons\ofxCv\libs\ofxCv\src">
      <UniqueIdentifier>{D4F40DFE-7BFE-9E37-3B94-006C}</UniqueIdentifier>
    </Filter>
    <Filter Include="addons\ofxGui">
      <UniqueIdentifier>{4F2A59AF-5F4E-704B-D067-EC13}</UniqueIdentifier>
    </Filter>
    <Filter Include="addons\ofxGui\src">
      <UniqueIdentifier>{645E9533-4DCD-6179-1CDF-CB65}</UniqueIdentifier>
    </Filter>
    <Filter Include="addons\ofxKinectForWindows2">
      <UniqueIdentifier>{79EE9CEE-5877-E1B3-C373-D5C8}</UniqueIdentifier>
    </Filter>
    <Filter Include="addons\ofxKinectForWindows2\src">
      <UniqueIdentifier>{BBA641E3-A9C6-8646-2A06-7A9D}</UniqueIdentifier>
    </Filter>
    <Filter Include="addons\ofxKinectForWindows2\src\ofxKinectForWindows2">
      <UniqueIdentifier>{849A6419-451E-EB51-E82D-5D04}</UniqueIdentifier>
    </Filter>
    <Filter Include="addons\ofxKinectForWindows2\src\ofxKinectForWindows2\Data">
      <UniqueIdentifier>{D3FA8E7E-7250-B64E-BCC8-522E}</UniqueIdentifier>
    </Filter>
    <Filter Include="addons\ofxKinectForWindows2\src\ofxKinectForWindows2\Source">
      <UniqueIdentifier>{D8ABF3AE-C83C-4B28-80F0-8B6D}</UniqueIdentifier>
    </Filter>
    <Filter Include="addons\ofxOpenCv">
      <UniqueIdentifier>{FFA81411-43B9-BD99-75AF-1DC3}</UniqueIdentifier>
    </Filter>
    <Filter Include="addons\ofxOpenCv\src">
      <UniqueIdentifier>{00DE84A0-C30B-9800-5466-EA40}</UniqueIdentifier>
    </Filter>
    <Filter Include="addons\ofxOsc">
      <UniqueIdentifier>{D91DCA33-6E5D-4481-2AEC-9FBB}</UniqueIdentifier>
    </Filter>
    <Filter Include="addons\ofxOsc\src">
      <UniqueIdentifier>{B9DD339A-D93D-92A1-0A2F-4B41}</UniqueIdentifier>
    </Filter>
    <Filter Include="addons\ofxOsc\libs">
      <UniqueIdentifier>{99ECA1D9-873F-4622-8FC0-FC7B}</UniqueIdentifier>
    </Filter>
    <Filter Include="addons\ofxOsc\libs\oscpack">
      <UniqueIdentifier>{D3A98534-1602-4FEF-57A6-6593}</UniqueIdentifier>
    </Filter>
    <Filter Include="addons\ofxOsc\libs\oscpack\src">
      <UniqueIdentifier>{BFB5BB47-98C8-BBCB-3066-1046}</UniqueIdentifier>
    </Filter>
    <Filter Include="addons\ofxOsc\libs\oscpack\src\ip">
      <UniqueIdentifier>{5A029128-EB41-95C5-CBC0-CDED}</UniqueIdentifier>
    </Filter>
    <Filter Include="addons\ofxOsc\libs\oscpack\src\ip\win32">
      <UniqueIdentifier>{79DFDFE2-400B-8654-3675-01A3}</UniqueIdentifier>
    </Filter>
    <Filter Include="addons\ofxOsc\libs\oscpack\src\osc">
      <UniqueIdentifier>{EDACB89C-9768-9551-4D41-B590}</UniqueIdentifier>
    </Filter>
    <Filter Include="src\bgsubcnt">
      <UniqueIdentifier>{032cc389-68bb-4f93-b1c3-5185bb3879ac}</UniqueIdentifier>
    </Filter>
    <Filter Include="src\convexHull">
      <UniqueIdentifier>{ab402df8-a4b9-4d7a-8d5a-67c27ef0e77f}</UniqueIdentifier>
    </Filter>
  </ItemGroup>
  <ItemGroup>
    <ClInclude Include="src\ofApp.h">
      <Filter>src</Filter>
    </ClInclude>
    <ClInclude Include="..\..\..\addons\ofxCv\src\ofxCv.h">
      <Filter>addons\ofxCv\src</Filter>
    </ClInclude>
    <ClInclude Include="..\..\..\addons\ofxCv\libs\CLD\include\CLD\ETF.h">
      <Filter>addons\ofxCv\libs\CLD\include\CLD</Filter>
    </ClInclude>
    <ClInclude Include="..\..\..\addons\ofxCv\libs\CLD\include\CLD\fdog.h">
      <Filter>addons\ofxCv\libs\CLD\include\CLD</Filter>
    </ClInclude>
    <ClInclude Include="..\..\..\addons\ofxCv\libs\CLD\include\CLD\imatrix.h">
      <Filter>addons\ofxCv\libs\CLD\include\CLD</Filter>
    </ClInclude>
    <ClInclude Include="..\..\..\addons\ofxCv\libs\CLD\include\CLD\myvec.h">
      <Filter>addons\ofxCv\libs\CLD\include\CLD</Filter>
    </ClInclude>
    <ClInclude Include="..\..\..\addons\ofxCv\libs\ofxCv\include\ofxCv\Calibration.h">
      <Filter>addons\ofxCv\libs\ofxCv\include\ofxCv</Filter>
    </ClInclude>
    <ClInclude Include="..\..\..\addons\ofxCv\libs\ofxCv\include\ofxCv\ContourFinder.h">
      <Filter>addons\ofxCv\libs\ofxCv\include\ofxCv</Filter>
    </ClInclude>
    <ClInclude Include="..\..\..\addons\ofxCv\libs\ofxCv\include\ofxCv\Distance.h">
      <Filter>addons\ofxCv\libs\ofxCv\include\ofxCv</Filter>
    </ClInclude>
    <ClInclude Include="..\..\..\addons\ofxCv\libs\ofxCv\include\ofxCv\Flow.h">
      <Filter>addons\ofxCv\libs\ofxCv\include\ofxCv</Filter>
    </ClInclude>
    <ClInclude Include="..\..\..\addons\ofxCv\libs\ofxCv\include\ofxCv\Helpers.h">
      <Filter>addons\ofxCv\libs\ofxCv\include\ofxCv</Filter>
    </ClInclude>
    <ClInclude Include="..\..\..\addons\ofxCv\libs\ofxCv\include\ofxCv\Kalman.h">
      <Filter>addons\ofxCv\libs\ofxCv\include\ofxCv</Filter>
    </ClInclude>
    <ClInclude Include="..\..\..\addons\ofxCv\libs\ofxCv\include\ofxCv\ObjectFinder.h">
      <Filter>addons\ofxCv\libs\ofxCv\include\ofxCv</Filter>
    </ClInclude>
    <ClInclude Include="..\..\..\addons\ofxCv\libs\ofxCv\include\ofxCv\RunningBackground.h">
      <Filter>addons\ofxCv\libs\ofxCv\include\ofxCv</Filter>
    </ClInclude>
    <ClInclude Include="..\..\..\addons\ofxCv\libs\ofxCv\include\ofxCv\Tracker.h">
      <Filter>addons\ofxCv\libs\ofxCv\include\ofxCv</Filter>
    </ClInclude>
    <ClInclude Include="..\..\..\addons\ofxCv\libs\ofxCv\include\ofxCv\Utilities.h">
      <Filter>addons\ofxCv\libs\ofxCv\include\ofxCv</Filter>
    </ClInclude>
    <ClInclude Include="..\..\..\addons\ofxCv\libs\ofxCv\include\ofxCv\Wrappers.h">
      <Filter>addons\ofxCv\libs\ofxCv\include\ofxCv</Filter>
    </ClInclude>
    <ClInclude Include="..\..\..\addons\ofxGui\src\ofxBaseGui.h">
      <Filter>addons\ofxGui\src</Filter>
    </ClInclude>
    <ClInclude Include="..\..\..\addons\ofxGui\src\ofxButton.h">
      <Filter>addons\ofxGui\src</Filter>
    </ClInclude>
    <ClInclude Include="..\..\..\addons\ofxGui\src\ofxColorPicker.h">
      <Filter>addons\ofxGui\src</Filter>
    </ClInclude>
    <ClInclude Include="..\..\..\addons\ofxGui\src\ofxGui.h">
      <Filter>addons\ofxGui\src</Filter>
    </ClInclude>
    <ClInclude Include="..\..\..\addons\ofxGui\src\ofxGuiGroup.h">
      <Filter>addons\ofxGui\src</Filter>
    </ClInclude>
    <ClInclude Include="..\..\..\addons\ofxGui\src\ofxInputField.h">
      <Filter>addons\ofxGui\src</Filter>
    </ClInclude>
    <ClInclude Include="..\..\..\addons\ofxGui\src\ofxLabel.h">
      <Filter>addons\ofxGui\src</Filter>
    </ClInclude>
    <ClInclude Include="..\..\..\addons\ofxGui\src\ofxPanel.h">
      <Filter>addons\ofxGui\src</Filter>
    </ClInclude>
    <ClInclude Include="..\..\..\addons\ofxGui\src\ofxSlider.h">
      <Filter>addons\ofxGui\src</Filter>
    </ClInclude>
    <ClInclude Include="..\..\..\addons\ofxGui\src\ofxSliderGroup.h">
      <Filter>addons\ofxGui\src</Filter>
    </ClInclude>
    <ClInclude Include="..\..\..\addons\ofxGui\src\ofxToggle.h">
      <Filter>addons\ofxGui\src</Filter>
    </ClInclude>
    <ClInclude Include="..\..\..\addons\ofxKinectForWindows2\src\ofxKinectForWindows2\Data\Body.h">
      <Filter>addons\ofxKinectForWindows2\src\ofxKinectForWindows2\Data</Filter>
    </ClInclude>
    <ClInclude Include="..\..\..\addons\ofxKinectForWindows2\src\ofxKinectForWindows2\Data\Joint.h">
      <Filter>addons\ofxKinectForWindows2\src\ofxKinectForWindows2\Data</Filter>
    </ClInclude>
    <ClInclude Include="..\..\..\addons\ofxKinectForWindows2\src\ofxKinectForWindows2\Device.h">
      <Filter>addons\ofxKinectForWindows2\src\ofxKinectForWindows2</Filter>
    </ClInclude>
    <ClInclude Include="..\..\..\addons\ofxKinectForWindows2\src\ofxKinectForWindows2\Source\Base.h">
      <Filter>addons\ofxKinectForWindows2\src\ofxKinectForWindows2\Source</Filter>
    </ClInclude>
    <ClInclude Include="..\..\..\addons\ofxKinectForWindows2\src\ofxKinectForWindows2\Source\BaseImage.h">
      <Filter>addons\ofxKinectForWindows2\src\ofxKinectForWindows2\Source</Filter>
    </ClInclude>
    <ClInclude Include="..\..\..\addons\ofxKinectForWindows2\src\ofxKinectForWindows2\Source\Body.h">
      <Filter>addons\ofxKinectForWindows2\src\ofxKinectForWindows2\Source</Filter>
    </ClInclude>
    <ClInclude Include="..\..\..\addons\ofxKinectForWindows2\src\ofxKinectForWindows2\Source\BodyIndex.h">
      <Filter>addons\ofxKinectForWindows2\src\ofxKinectForWindows2\Source</Filter>
    </ClInclude>
    <ClInclude Include="..\..\..\addons\ofxKinectForWindows2\src\ofxKinectForWindows2\Source\Color.h">
      <Filter>addons\ofxKinectForWindows2\src\ofxKinectForWindows2\Source</Filter>
    </ClInclude>
    <ClInclude Include="..\..\..\addons\ofxKinectForWindows2\src\ofxKinectForWindows2\Source\Depth.h">
      <Filter>addons\ofxKinectForWindows2\src\ofxKinectForWindows2\Source</Filter>
    </ClInclude>
    <ClInclude Include="..\..\..\addons\ofxKinectForWindows2\src\ofxKinectForWindows2\Source\Infrared.h">
      <Filter>addons\ofxKinectForWindows2\src\ofxKinectForWindows2\Source</Filter>
    </ClInclude>
    <ClInclude Include="..\..\..\addons\ofxKinectForWindows2\src\ofxKinectForWindows2\Source\LongExposureInfrared.h">
      <Filter>addons\ofxKinectForWindows2\src\ofxKinectForWindows2\Source</Filter>
    </ClInclude>
    <ClInclude Include="..\..\..\addons\ofxKinectForWindows2\src\ofxKinectForWindows2\Utils.h">
      <Filter>addons\ofxKinectForWindows2\src\ofxKinectForWindows2</Filter>
    </ClInclude>
    <ClInclude Include="..\..\..\addons\ofxKinectForWindows2\src\ofxKinectForWindows2.h">
      <Filter>addons\ofxKinectForWindows2\src</Filter>
    </ClInclude>
    <ClInclude Include="..\..\..\addons\ofxOpenCv\src\ofxCvBlob.h">
      <Filter>addons\ofxOpenCv\src</Filter>
    </ClInclude>
    <ClInclude Include="..\..\..\addons\ofxOpenCv\src\ofxCvColorImage.h">
      <Filter>addons\ofxOpenCv\src</Filter>
    </ClInclude>
    <ClInclude Include="..\..\..\addons\ofxOpenCv\src\ofxCvConstants.h">
      <Filter>addons\ofxOpenCv\src</Filter>
    </ClInclude>
    <ClInclude Include="..\..\..\addons\ofxOpenCv\src\ofxCvContourFinder.h">
      <Filter>addons\ofxOpenCv\src</Filter>
    </ClInclude>
    <ClInclude Include="..\..\..\addons\ofxOpenCv\src\ofxCvFloatImage.h">
      <Filter>addons\ofxOpenCv\src</Filter>
    </ClInclude>
    <ClInclude Include="..\..\..\addons\ofxOpenCv\src\ofxCvGrayscaleImage.h">
      <Filter>addons\ofxOpenCv\src</Filter>
    </ClInclude>
    <ClInclude Include="..\..\..\addons\ofxOpenCv\src\ofxCvHaarFinder.h">
      <Filter>addons\ofxOpenCv\src</Filter>
    </ClInclude>
    <ClInclude Include="..\..\..\addons\ofxOpenCv\src\ofxCvImage.h">
      <Filter>addons\ofxOpenCv\src</Filter>
    </ClInclude>
    <ClInclude Include="..\..\..\addons\ofxOpenCv\src\ofxCvShortImage.h">
      <Filter>addons\ofxOpenCv\src</Filter>
    </ClInclude>
    <ClInclude Include="..\..\..\addons\ofxOpenCv\src\ofxOpenCv.h">
      <Filter>addons\ofxOpenCv\src</Filter>
    </ClInclude>
    <ClInclude Include="..\..\..\addons\ofxOsc\src\ofxOsc.h">
      <Filter>addons\ofxOsc\src</Filter>
    </ClInclude>
    <ClInclude Include="..\..\..\addons\ofxOsc\src\ofxOscArg.h">
      <Filter>addons\ofxOsc\src</Filter>
    </ClInclude>
    <ClInclude Include="..\..\..\addons\ofxOsc\src\ofxOscBundle.h">
      <Filter>addons\ofxOsc\src</Filter>
    </ClInclude>
    <ClInclude Include="..\..\..\addons\ofxOsc\src\ofxOscMessage.h">
      <Filter>addons\ofxOsc\src</Filter>
    </ClInclude>
    <ClInclude Include="..\..\..\addons\ofxOsc\src\ofxOscParameterSync.h">
      <Filter>addons\ofxOsc\src</Filter>
    </ClInclude>
    <ClInclude Include="..\..\..\addons\ofxOsc\src\ofxOscReceiver.h">
      <Filter>addons\ofxOsc\src</Filter>
    </ClInclude>
    <ClInclude Include="..\..\..\addons\ofxOsc\src\ofxOscSender.h">
      <Filter>addons\ofxOsc\src</Filter>
    </ClInclude>
    <ClInclude Include="..\..\..\addons\ofxOsc\libs\oscpack\src\ip\IpEndpointName.h">
      <Filter>addons\ofxOsc\libs\oscpack\src\ip</Filter>
    </ClInclude>
    <ClInclude Include="..\..\..\addons\ofxOsc\libs\oscpack\src\ip\NetworkingUtils.h">
      <Filter>addons\ofxOsc\libs\oscpack\src\ip</Filter>
    </ClInclude>
    <ClInclude Include="..\..\..\addons\ofxOsc\libs\oscpack\src\ip\PacketListener.h">
      <Filter>addons\ofxOsc\libs\oscpack\src\ip</Filter>
    </ClInclude>
    <ClInclude Include="..\..\..\addons\ofxOsc\libs\oscpack\src\ip\TimerListener.h">
      <Filter>addons\ofxOsc\libs\oscpack\src\ip</Filter>
    </ClInclude>
    <ClInclude Include="..\..\..\addons\ofxOsc\libs\oscpack\src\ip\UdpSocket.h">
      <Filter>addons\ofxOsc\libs\oscpack\src\ip</Filter>
    </ClInclude>
    <ClInclude Include="..\..\..\addons\ofxOsc\libs\oscpack\src\osc\MessageMappingOscPacketListener.h">
      <Filter>addons\ofxOsc\libs\oscpack\src\osc</Filter>
    </ClInclude>
    <ClInclude Include="..\..\..\addons\ofxOsc\libs\oscpack\src\osc\OscException.h">
      <Filter>addons\ofxOsc\libs\oscpack\src\osc</Filter>
    </ClInclude>
    <ClInclude Include="..\..\..\addons\ofxOsc\libs\oscpack\src\osc\OscHostEndianness.h">
      <Filter>addons\ofxOsc\libs\oscpack\src\osc</Filter>
    </ClInclude>
    <ClInclude Include="..\..\..\addons\ofxOsc\libs\oscpack\src\osc\OscOutboundPacketStream.h">
      <Filter>addons\ofxOsc\libs\oscpack\src\osc</Filter>
    </ClInclude>
    <ClInclude Include="..\..\..\addons\ofxOsc\libs\oscpack\src\osc\OscPacketListener.h">
      <Filter>addons\ofxOsc\libs\oscpack\src\osc</Filter>
    </ClInclude>
    <ClInclude Include="..\..\..\addons\ofxOsc\libs\oscpack\src\osc\OscPrintReceivedElements.h">
      <Filter>addons\ofxOsc\libs\oscpack\src\osc</Filter>
    </ClInclude>
    <ClInclude Include="..\..\..\addons\ofxOsc\libs\oscpack\src\osc\OscReceivedElements.h">
      <Filter>addons\ofxOsc\libs\oscpack\src\osc</Filter>
    </ClInclude>
    <ClInclude Include="..\..\..\addons\ofxOsc\libs\oscpack\src\osc\OscTypes.h">
      <Filter>addons\ofxOsc\libs\oscpack\src\osc</Filter>
    </ClInclude>
    <ClInclude Include="src\bgsubcnt\bgsubcnt.h">
      <Filter>src\bgsubcnt</Filter>
    </ClInclude>
    <ClInclude Include="src\convexHull\ofxConvexHull.h">
      <Filter>src\convexHull</Filter>
    </ClInclude>
    <ClInclude Include="src\Analysis.h">
      <Filter>src</Filter>
    </ClInclude>
    <ClInclude Include="src\Calibrator.h">
      <Filter>src</Filter>
    </ClInclude>
    <ClInclude Include="src\Grabber.h">
      <Filter>src</Filter>
    </ClInclude>
    <ClInclude Include="src\ofAppGui.h">
      <Filter>src</Filter>
    </ClInclude>
    <ClInclude Include="src\ofAppProjector.h">
      <Filter>src</Filter>
    </ClInclude>
    <ClInclude Include="src\Recorder.h">
      <Filter>src</Filter>
    </ClInclude>
    <ClInclude Include="src\Settings.h">
      <Filter>src</Filter>
    </ClInclude>
  </ItemGroup>
  <ItemGroup>
    <ResourceCompile Include="icon.rc" />
  </ItemGroup>
</Project>